// !$*UTF8*$!
{
	archiveVersion = 1;
	classes = {
	};
	objectVersion = 46;
	objects = {

/* Begin PBXBuildFile section */
		09ECC0EA0BAD47608C81E677 /* libPods.a in Frameworks */ = {isa = PBXBuildFile; fileRef = 8626067EA2604DB5841B937F /* libPods.a */; };
		3205749216314EBD00D33909 /* Social.framework in Frameworks */ = {isa = PBXBuildFile; fileRef = 3205749116314EBD00D33909 /* Social.framework */; settings = {ATTRIBUTES = (Weak, ); }; };
		3205749516314EC200D33909 /* Accounts.framework in Frameworks */ = {isa = PBXBuildFile; fileRef = 3205749416314EC200D33909 /* Accounts.framework */; settings = {ATTRIBUTES = (Weak, ); }; };
		3205749716314EC900D33909 /* AdSupport.framework in Frameworks */ = {isa = PBXBuildFile; fileRef = 3205749616314EC900D33909 /* AdSupport.framework */; settings = {ATTRIBUTES = (Weak, ); }; };
		322095D516392D8E000C70D9 /* RootTabBarController.m in Sources */ = {isa = PBXBuildFile; fileRef = 322095D416392D8E000C70D9 /* RootTabBarController.m */; };
		322095D916393493000C70D9 /* LocationManager.m in Sources */ = {isa = PBXBuildFile; fileRef = 322095D816393493000C70D9 /* LocationManager.m */; };
		323DF1A0163FE10E0080DA33 /* facebook-connect-button.png in Resources */ = {isa = PBXBuildFile; fileRef = 323DF19F163FE10E0080DA33 /* facebook-connect-button.png */; };
		323DF1A3163FE5540080DA33 /* facebook-connect-button@2x.png in Resources */ = {isa = PBXBuildFile; fileRef = 323DF1A2163FE5540080DA33 /* facebook-connect-button@2x.png */; };
		323DF1A8163FE7100080DA33 /* bar.jpg in Resources */ = {isa = PBXBuildFile; fileRef = 323DF1A6163FE7100080DA33 /* bar.jpg */; };
		323DF1A9163FE7100080DA33 /* bar@2x.jpg in Resources */ = {isa = PBXBuildFile; fileRef = 323DF1A7163FE7100080DA33 /* bar@2x.jpg */; };
		323DF1AC163FE9D00080DA33 /* logo.png in Resources */ = {isa = PBXBuildFile; fileRef = 323DF1AA163FE9D00080DA33 /* logo.png */; };
		323DF1AD163FE9D00080DA33 /* logo@2x.png in Resources */ = {isa = PBXBuildFile; fileRef = 323DF1AB163FE9D00080DA33 /* logo@2x.png */; };
		327E847F163EC9100009ABE2 /* iconmonstr-details-large-view-icon.png in Resources */ = {isa = PBXBuildFile; fileRef = 327E8479163EC9100009ABE2 /* iconmonstr-details-large-view-icon.png */; };
		327E8480163EC9100009ABE2 /* iconmonstr-details-large-view-icon@2x.png in Resources */ = {isa = PBXBuildFile; fileRef = 327E847A163EC9100009ABE2 /* iconmonstr-details-large-view-icon@2x.png */; };
		327E8481163EC9100009ABE2 /* iconmonstr-home-icon.png in Resources */ = {isa = PBXBuildFile; fileRef = 327E847B163EC9100009ABE2 /* iconmonstr-home-icon.png */; };
		327E8482163EC9100009ABE2 /* iconmonstr-home-icon@2x.png in Resources */ = {isa = PBXBuildFile; fileRef = 327E847C163EC9100009ABE2 /* iconmonstr-home-icon@2x.png */; };
		327E8483163EC9100009ABE2 /* iconmonstr-line-chart-icon.png in Resources */ = {isa = PBXBuildFile; fileRef = 327E847D163EC9100009ABE2 /* iconmonstr-line-chart-icon.png */; };
		327E8484163EC9100009ABE2 /* iconmonstr-line-chart-icon@2x.png in Resources */ = {isa = PBXBuildFile; fileRef = 327E847E163EC9100009ABE2 /* iconmonstr-line-chart-icon@2x.png */; };
		327E8487163ECBC50009ABE2 /* BarIndexViewController.m in Sources */ = {isa = PBXBuildFile; fileRef = 327E8486163ECBC50009ABE2 /* BarIndexViewController.m */; };
		327E848E163ED7940009ABE2 /* beers.png in Resources */ = {isa = PBXBuildFile; fileRef = 327E848C163ED7940009ABE2 /* beers.png */; };
		327E848F163ED7940009ABE2 /* beers@2x.png in Resources */ = {isa = PBXBuildFile; fileRef = 327E848D163ED7940009ABE2 /* beers@2x.png */; };
		32B4755116495E1700C3BE3A /* icon-114.png in Resources */ = {isa = PBXBuildFile; fileRef = 32B4755016495E1700C3BE3A /* icon-114.png */; };
		32B4755416495E3C00C3BE3A /* icon-57.png in Resources */ = {isa = PBXBuildFile; fileRef = 32B4755316495E3C00C3BE3A /* icon-57.png */; };
		32C1C6D616353FF700D6AA5C /* DataModel.m in Sources */ = {isa = PBXBuildFile; fileRef = 32C1C6D516353FF700D6AA5C /* DataModel.m */; };
		32C1C6D91635414F00D6AA5C /* data.plist in Resources */ = {isa = PBXBuildFile; fileRef = 32C1C6D81635414F00D6AA5C /* data.plist */; };
		D93061AD1637422700BB0B75 /* CoreLocation.framework in Frameworks */ = {isa = PBXBuildFile; fileRef = D93061AC1637422700BB0B75 /* CoreLocation.framework */; };
		D94F0A7C163FF16800AF016D /* BarViewController.m in Sources */ = {isa = PBXBuildFile; fileRef = D94F0A7B163FF16800AF016D /* BarViewController.m */; };
		D94F0A82163FF49F00AF016D /* BaseFeature.m in Sources */ = {isa = PBXBuildFile; fileRef = D94F0A81163FF49F00AF016D /* BaseFeature.m */; };
		D94F0A85163FF5CE00AF016D /* Feature.m in Sources */ = {isa = PBXBuildFile; fileRef = D94F0A84163FF5CE00AF016D /* Feature.m */; };
		D94F0A881640111400AF016D /* Expansion.m in Sources */ = {isa = PBXBuildFile; fileRef = D94F0A871640111300AF016D /* Expansion.m */; };
		D94F0A8B1640112300AF016D /* BaseExpansion.m in Sources */ = {isa = PBXBuildFile; fileRef = D94F0A8A1640112200AF016D /* BaseExpansion.m */; };
		D94F0A8E1640188500AF016D /* BaseEnlargement.m in Sources */ = {isa = PBXBuildFile; fileRef = D94F0A8D1640188500AF016D /* BaseEnlargement.m */; };
		D94F0A911640189A00AF016D /* Enlargement.m in Sources */ = {isa = PBXBuildFile; fileRef = D94F0A901640189A00AF016D /* Enlargement.m */; };
		D955301A1637E5D900C81849 /* City.m in Sources */ = {isa = PBXBuildFile; fileRef = D95530191637E5D900C81849 /* City.m */; };
		D955301D1637E60400C81849 /* BaseCity.m in Sources */ = {isa = PBXBuildFile; fileRef = D955301C1637E60400C81849 /* BaseCity.m */; };
		D971E372163A94C4003B53A3 /* BankViewController.m in Sources */ = {isa = PBXBuildFile; fileRef = D971E371163A94C4003B53A3 /* BankViewController.m */; };
		D971E376163A96B1003B53A3 /* BaseBankTransaction.m in Sources */ = {isa = PBXBuildFile; fileRef = D971E375163A96B1003B53A3 /* BaseBankTransaction.m */; };
		D971E379163A972E003B53A3 /* BankTransaction.m in Sources */ = {isa = PBXBuildFile; fileRef = D971E378163A972E003B53A3 /* BankTransaction.m */; };
		DA02CE2F16315C7F0096E156 /* MobileCoreServices.framework in Frameworks */ = {isa = PBXBuildFile; fileRef = DA02CE2E16315C7F0096E156 /* MobileCoreServices.framework */; };
		DA02CE3116315C870096E156 /* CoreData.framework in Frameworks */ = {isa = PBXBuildFile; fileRef = DA02CE3016315C870096E156 /* CoreData.framework */; };
		DA02CE3316315C9B0096E156 /* Security.framework in Frameworks */ = {isa = PBXBuildFile; fileRef = DA02CE3216315C9B0096E156 /* Security.framework */; };
		DA02CE3516315CAE0096E156 /* CFNetwork.framework in Frameworks */ = {isa = PBXBuildFile; fileRef = DA02CE3416315CAE0096E156 /* CFNetwork.framework */; };
		DA02CE3716315CBB0096E156 /* SystemConfiguration.framework in Frameworks */ = {isa = PBXBuildFile; fileRef = DA02CE3616315CBB0096E156 /* SystemConfiguration.framework */; };
		DA02CE3916315CC10096E156 /* QuartzCore.framework in Frameworks */ = {isa = PBXBuildFile; fileRef = DA02CE3816315CC10096E156 /* QuartzCore.framework */; };
		DA02CE3B16315CC80096E156 /* libxml2.dylib in Frameworks */ = {isa = PBXBuildFile; fileRef = DA02CE3A16315CC80096E156 /* libxml2.dylib */; };
		DA02CE3F163185FE0096E156 /* BaseBar.m in Sources */ = {isa = PBXBuildFile; fileRef = DA02CE3E163185FE0096E156 /* BaseBar.m */; };
		DA02CE42163186740096E156 /* Bar.m in Sources */ = {isa = PBXBuildFile; fileRef = DA02CE41163186740096E156 /* Bar.m */; };
		DA02CE451631A1470096E156 /* BaseUser.m in Sources */ = {isa = PBXBuildFile; fileRef = DA02CE441631A1470096E156 /* BaseUser.m */; };
		DA02CE4B1631BC060096E156 /* User.m in Sources */ = {isa = PBXBuildFile; fileRef = DA02CE4A1631BC060096E156 /* User.m */; };
		DA70E43E163FF33900645F6F /* AddBarViewController.m in Sources */ = {isa = PBXBuildFile; fileRef = DA70E43D163FF33900645F6F /* AddBarViewController.m */; };
		DAFF7554162D82F1001A9E0F /* UIKit.framework in Frameworks */ = {isa = PBXBuildFile; fileRef = DAFF7553162D82F1001A9E0F /* UIKit.framework */; };
		DAFF7556162D82F1001A9E0F /* Foundation.framework in Frameworks */ = {isa = PBXBuildFile; fileRef = DAFF7555162D82F1001A9E0F /* Foundation.framework */; };
		DAFF7558162D82F1001A9E0F /* CoreGraphics.framework in Frameworks */ = {isa = PBXBuildFile; fileRef = DAFF7557162D82F1001A9E0F /* CoreGraphics.framework */; };
		DAFF755E162D82F1001A9E0F /* InfoPlist.strings in Resources */ = {isa = PBXBuildFile; fileRef = DAFF755C162D82F1001A9E0F /* InfoPlist.strings */; };
		DAFF7560162D82F1001A9E0F /* main.m in Sources */ = {isa = PBXBuildFile; fileRef = DAFF755F162D82F1001A9E0F /* main.m */; };
		DAFF7564162D82F1001A9E0F /* AppDelegate.m in Sources */ = {isa = PBXBuildFile; fileRef = DAFF7563162D82F1001A9E0F /* AppDelegate.m */; };
		DAFF7566162D82F1001A9E0F /* Default.png in Resources */ = {isa = PBXBuildFile; fileRef = DAFF7565162D82F1001A9E0F /* Default.png */; };
		DAFF7568162D82F1001A9E0F /* Default@2x.png in Resources */ = {isa = PBXBuildFile; fileRef = DAFF7567162D82F1001A9E0F /* Default@2x.png */; };
		DAFF756A162D82F1001A9E0F /* Default-568h@2x.png in Resources */ = {isa = PBXBuildFile; fileRef = DAFF7569162D82F1001A9E0F /* Default-568h@2x.png */; };
		DAFF756D162D82F1001A9E0F /* MainStoryboard.storyboard in Resources */ = {isa = PBXBuildFile; fileRef = DAFF756B162D82F1001A9E0F /* MainStoryboard.storyboard */; };
		DAFF7570162D82F1001A9E0F /* LoginViewController.m in Sources */ = {isa = PBXBuildFile; fileRef = DAFF756F162D82F1001A9E0F /* LoginViewController.m */; };
		DAFF758C162D91EC001A9E0F /* DashboardViewController.m in Sources */ = {isa = PBXBuildFile; fileRef = DAFF758B162D91EC001A9E0F /* DashboardViewController.m */; };
/* End PBXBuildFile section */

/* Begin PBXFileReference section */
		23EE8D7293D74C4B899AE1E8 /* Pods.xcconfig */ = {isa = PBXFileReference; includeInIndex = 1; lastKnownFileType = text.xcconfig; name = Pods.xcconfig; path = Pods/Pods.xcconfig; sourceTree = SOURCE_ROOT; };
		3205749116314EBD00D33909 /* Social.framework */ = {isa = PBXFileReference; lastKnownFileType = wrapper.framework; name = Social.framework; path = System/Library/Frameworks/Social.framework; sourceTree = SDKROOT; };
		3205749416314EC200D33909 /* Accounts.framework */ = {isa = PBXFileReference; lastKnownFileType = wrapper.framework; name = Accounts.framework; path = System/Library/Frameworks/Accounts.framework; sourceTree = SDKROOT; };
		3205749616314EC900D33909 /* AdSupport.framework */ = {isa = PBXFileReference; lastKnownFileType = wrapper.framework; name = AdSupport.framework; path = System/Library/Frameworks/AdSupport.framework; sourceTree = SDKROOT; };
		322095D316392D8E000C70D9 /* RootTabBarController.h */ = {isa = PBXFileReference; fileEncoding = 4; lastKnownFileType = sourcecode.c.h; path = RootTabBarController.h; sourceTree = "<group>"; };
		322095D416392D8E000C70D9 /* RootTabBarController.m */ = {isa = PBXFileReference; fileEncoding = 4; lastKnownFileType = sourcecode.c.objc; path = RootTabBarController.m; sourceTree = "<group>"; };
		322095D716393493000C70D9 /* LocationManager.h */ = {isa = PBXFileReference; fileEncoding = 4; lastKnownFileType = sourcecode.c.h; path = LocationManager.h; sourceTree = "<group>"; };
		322095D816393493000C70D9 /* LocationManager.m */ = {isa = PBXFileReference; fileEncoding = 4; lastKnownFileType = sourcecode.c.objc; path = LocationManager.m; sourceTree = "<group>"; };
		323DF19F163FE10E0080DA33 /* facebook-connect-button.png */ = {isa = PBXFileReference; lastKnownFileType = image.png; path = "facebook-connect-button.png"; sourceTree = "<group>"; };
		323DF1A2163FE5540080DA33 /* facebook-connect-button@2x.png */ = {isa = PBXFileReference; lastKnownFileType = image.png; path = "facebook-connect-button@2x.png"; sourceTree = "<group>"; };
		323DF1A6163FE7100080DA33 /* bar.jpg */ = {isa = PBXFileReference; lastKnownFileType = image.jpeg; path = bar.jpg; sourceTree = "<group>"; };
		323DF1A7163FE7100080DA33 /* bar@2x.jpg */ = {isa = PBXFileReference; lastKnownFileType = image.jpeg; path = "bar@2x.jpg"; sourceTree = "<group>"; };
		323DF1AA163FE9D00080DA33 /* logo.png */ = {isa = PBXFileReference; lastKnownFileType = image.png; path = logo.png; sourceTree = "<group>"; };
		323DF1AB163FE9D00080DA33 /* logo@2x.png */ = {isa = PBXFileReference; lastKnownFileType = image.png; path = "logo@2x.png"; sourceTree = "<group>"; };
		327E8479163EC9100009ABE2 /* iconmonstr-details-large-view-icon.png */ = {isa = PBXFileReference; lastKnownFileType = image.png; path = "iconmonstr-details-large-view-icon.png"; sourceTree = "<group>"; };
		327E847A163EC9100009ABE2 /* iconmonstr-details-large-view-icon@2x.png */ = {isa = PBXFileReference; lastKnownFileType = image.png; path = "iconmonstr-details-large-view-icon@2x.png"; sourceTree = "<group>"; };
		327E847B163EC9100009ABE2 /* iconmonstr-home-icon.png */ = {isa = PBXFileReference; lastKnownFileType = image.png; path = "iconmonstr-home-icon.png"; sourceTree = "<group>"; };
		327E847C163EC9100009ABE2 /* iconmonstr-home-icon@2x.png */ = {isa = PBXFileReference; lastKnownFileType = image.png; path = "iconmonstr-home-icon@2x.png"; sourceTree = "<group>"; };
		327E847D163EC9100009ABE2 /* iconmonstr-line-chart-icon.png */ = {isa = PBXFileReference; lastKnownFileType = image.png; path = "iconmonstr-line-chart-icon.png"; sourceTree = "<group>"; };
		327E847E163EC9100009ABE2 /* iconmonstr-line-chart-icon@2x.png */ = {isa = PBXFileReference; lastKnownFileType = image.png; path = "iconmonstr-line-chart-icon@2x.png"; sourceTree = "<group>"; };
		327E8485163ECBC50009ABE2 /* BarIndexViewController.h */ = {isa = PBXFileReference; fileEncoding = 4; lastKnownFileType = sourcecode.c.h; path = BarIndexViewController.h; sourceTree = "<group>"; };
		327E8486163ECBC50009ABE2 /* BarIndexViewController.m */ = {isa = PBXFileReference; fileEncoding = 4; lastKnownFileType = sourcecode.c.objc; path = BarIndexViewController.m; sourceTree = "<group>"; };
		327E848C163ED7940009ABE2 /* beers.png */ = {isa = PBXFileReference; lastKnownFileType = image.png; path = beers.png; sourceTree = "<group>"; };
		327E848D163ED7940009ABE2 /* beers@2x.png */ = {isa = PBXFileReference; lastKnownFileType = image.png; path = "beers@2x.png"; sourceTree = "<group>"; };
		32B4755016495E1700C3BE3A /* icon-114.png */ = {isa = PBXFileReference; lastKnownFileType = image.png; path = "icon-114.png"; sourceTree = "<group>"; };
		32B4755316495E3C00C3BE3A /* icon-57.png */ = {isa = PBXFileReference; lastKnownFileType = image.png; path = "icon-57.png"; sourceTree = "<group>"; };
		32C1C6D416353FF700D6AA5C /* DataModel.h */ = {isa = PBXFileReference; fileEncoding = 4; lastKnownFileType = sourcecode.c.h; path = DataModel.h; sourceTree = "<group>"; };
		32C1C6D516353FF700D6AA5C /* DataModel.m */ = {isa = PBXFileReference; fileEncoding = 4; lastKnownFileType = sourcecode.c.objc; path = DataModel.m; sourceTree = "<group>"; };
		32C1C6D81635414F00D6AA5C /* data.plist */ = {isa = PBXFileReference; fileEncoding = 4; lastKnownFileType = text.plist.xml; path = data.plist; sourceTree = "<group>"; };
		8626067EA2604DB5841B937F /* libPods.a */ = {isa = PBXFileReference; explicitFileType = archive.ar; includeInIndex = 0; path = libPods.a; sourceTree = BUILT_PRODUCTS_DIR; };
		D93061AC1637422700BB0B75 /* CoreLocation.framework */ = {isa = PBXFileReference; lastKnownFileType = wrapper.framework; name = CoreLocation.framework; path = System/Library/Frameworks/CoreLocation.framework; sourceTree = SDKROOT; };
		D94F0A7A163FF16800AF016D /* BarViewController.h */ = {isa = PBXFileReference; fileEncoding = 4; lastKnownFileType = sourcecode.c.h; path = BarViewController.h; sourceTree = "<group>"; };
		D94F0A7B163FF16800AF016D /* BarViewController.m */ = {isa = PBXFileReference; fileEncoding = 4; lastKnownFileType = sourcecode.c.objc; path = BarViewController.m; sourceTree = "<group>"; };
		D94F0A80163FF49F00AF016D /* BaseFeature.h */ = {isa = PBXFileReference; fileEncoding = 4; lastKnownFileType = sourcecode.c.h; path = BaseFeature.h; sourceTree = "<group>"; };
		D94F0A81163FF49F00AF016D /* BaseFeature.m */ = {isa = PBXFileReference; fileEncoding = 4; lastKnownFileType = sourcecode.c.objc; path = BaseFeature.m; sourceTree = "<group>"; };
		D94F0A83163FF5CE00AF016D /* Feature.h */ = {isa = PBXFileReference; fileEncoding = 4; lastKnownFileType = sourcecode.c.h; path = Feature.h; sourceTree = "<group>"; };
		D94F0A84163FF5CE00AF016D /* Feature.m */ = {isa = PBXFileReference; fileEncoding = 4; lastKnownFileType = sourcecode.c.objc; path = Feature.m; sourceTree = "<group>"; };
		D94F0A861640111300AF016D /* Expansion.h */ = {isa = PBXFileReference; fileEncoding = 4; lastKnownFileType = sourcecode.c.h; path = Expansion.h; sourceTree = "<group>"; };
		D94F0A871640111300AF016D /* Expansion.m */ = {isa = PBXFileReference; fileEncoding = 4; lastKnownFileType = sourcecode.c.objc; path = Expansion.m; sourceTree = "<group>"; };
		D94F0A891640112200AF016D /* BaseExpansion.h */ = {isa = PBXFileReference; fileEncoding = 4; lastKnownFileType = sourcecode.c.h; path = BaseExpansion.h; sourceTree = "<group>"; };
		D94F0A8A1640112200AF016D /* BaseExpansion.m */ = {isa = PBXFileReference; fileEncoding = 4; lastKnownFileType = sourcecode.c.objc; path = BaseExpansion.m; sourceTree = "<group>"; };
		D94F0A8C1640188400AF016D /* BaseEnlargement.h */ = {isa = PBXFileReference; fileEncoding = 4; lastKnownFileType = sourcecode.c.h; path = BaseEnlargement.h; sourceTree = "<group>"; };
		D94F0A8D1640188500AF016D /* BaseEnlargement.m */ = {isa = PBXFileReference; fileEncoding = 4; lastKnownFileType = sourcecode.c.objc; path = BaseEnlargement.m; sourceTree = "<group>"; };
		D94F0A8F1640189900AF016D /* Enlargement.h */ = {isa = PBXFileReference; fileEncoding = 4; lastKnownFileType = sourcecode.c.h; path = Enlargement.h; sourceTree = "<group>"; };
		D94F0A901640189A00AF016D /* Enlargement.m */ = {isa = PBXFileReference; fileEncoding = 4; lastKnownFileType = sourcecode.c.objc; path = Enlargement.m; sourceTree = "<group>"; };
		D95530181637E5D900C81849 /* City.h */ = {isa = PBXFileReference; fileEncoding = 4; lastKnownFileType = sourcecode.c.h; name = City.h; path = barmanager/City.h; sourceTree = "<group>"; };
		D95530191637E5D900C81849 /* City.m */ = {isa = PBXFileReference; fileEncoding = 4; lastKnownFileType = sourcecode.c.objc; name = City.m; path = barmanager/City.m; sourceTree = "<group>"; };
		D955301B1637E60400C81849 /* BaseCity.h */ = {isa = PBXFileReference; fileEncoding = 4; lastKnownFileType = sourcecode.c.h; name = BaseCity.h; path = barmanager/BaseCity.h; sourceTree = "<group>"; };
		D955301C1637E60400C81849 /* BaseCity.m */ = {isa = PBXFileReference; fileEncoding = 4; lastKnownFileType = sourcecode.c.objc; name = BaseCity.m; path = barmanager/BaseCity.m; sourceTree = "<group>"; };
		D971E370163A94C4003B53A3 /* BankViewController.h */ = {isa = PBXFileReference; fileEncoding = 4; lastKnownFileType = sourcecode.c.h; path = BankViewController.h; sourceTree = "<group>"; };
		D971E371163A94C4003B53A3 /* BankViewController.m */ = {isa = PBXFileReference; fileEncoding = 4; lastKnownFileType = sourcecode.c.objc; path = BankViewController.m; sourceTree = "<group>"; };
		D971E374163A96B1003B53A3 /* BaseBankTransaction.h */ = {isa = PBXFileReference; fileEncoding = 4; lastKnownFileType = sourcecode.c.h; name = BaseBankTransaction.h; path = barmanager/BaseBankTransaction.h; sourceTree = "<group>"; };
		D971E375163A96B1003B53A3 /* BaseBankTransaction.m */ = {isa = PBXFileReference; fileEncoding = 4; lastKnownFileType = sourcecode.c.objc; name = BaseBankTransaction.m; path = barmanager/BaseBankTransaction.m; sourceTree = "<group>"; };
		D971E377163A972E003B53A3 /* BankTransaction.h */ = {isa = PBXFileReference; fileEncoding = 4; lastKnownFileType = sourcecode.c.h; name = BankTransaction.h; path = barmanager/BankTransaction.h; sourceTree = "<group>"; };
		D971E378163A972E003B53A3 /* BankTransaction.m */ = {isa = PBXFileReference; fileEncoding = 4; lastKnownFileType = sourcecode.c.objc; name = BankTransaction.m; path = barmanager/BankTransaction.m; sourceTree = "<group>"; };
		DA02CE2E16315C7F0096E156 /* MobileCoreServices.framework */ = {isa = PBXFileReference; lastKnownFileType = wrapper.framework; name = MobileCoreServices.framework; path = System/Library/Frameworks/MobileCoreServices.framework; sourceTree = SDKROOT; };
		DA02CE3016315C870096E156 /* CoreData.framework */ = {isa = PBXFileReference; lastKnownFileType = wrapper.framework; name = CoreData.framework; path = System/Library/Frameworks/CoreData.framework; sourceTree = SDKROOT; };
		DA02CE3216315C9B0096E156 /* Security.framework */ = {isa = PBXFileReference; lastKnownFileType = wrapper.framework; name = Security.framework; path = System/Library/Frameworks/Security.framework; sourceTree = SDKROOT; };
		DA02CE3416315CAE0096E156 /* CFNetwork.framework */ = {isa = PBXFileReference; lastKnownFileType = wrapper.framework; name = CFNetwork.framework; path = System/Library/Frameworks/CFNetwork.framework; sourceTree = SDKROOT; };
		DA02CE3616315CBB0096E156 /* SystemConfiguration.framework */ = {isa = PBXFileReference; lastKnownFileType = wrapper.framework; name = SystemConfiguration.framework; path = System/Library/Frameworks/SystemConfiguration.framework; sourceTree = SDKROOT; };
		DA02CE3816315CC10096E156 /* QuartzCore.framework */ = {isa = PBXFileReference; lastKnownFileType = wrapper.framework; name = QuartzCore.framework; path = System/Library/Frameworks/QuartzCore.framework; sourceTree = SDKROOT; };
		DA02CE3A16315CC80096E156 /* libxml2.dylib */ = {isa = PBXFileReference; lastKnownFileType = "compiled.mach-o.dylib"; name = libxml2.dylib; path = usr/lib/libxml2.dylib; sourceTree = SDKROOT; };
		DA02CE3D163185FE0096E156 /* BaseBar.h */ = {isa = PBXFileReference; fileEncoding = 4; lastKnownFileType = sourcecode.c.h; name = BaseBar.h; path = barmanager/BaseBar.h; sourceTree = "<group>"; };
		DA02CE3E163185FE0096E156 /* BaseBar.m */ = {isa = PBXFileReference; fileEncoding = 4; lastKnownFileType = sourcecode.c.objc; name = BaseBar.m; path = barmanager/BaseBar.m; sourceTree = "<group>"; };
		DA02CE40163186740096E156 /* Bar.h */ = {isa = PBXFileReference; fileEncoding = 4; lastKnownFileType = sourcecode.c.h; name = Bar.h; path = barmanager/Bar.h; sourceTree = "<group>"; };
		DA02CE41163186740096E156 /* Bar.m */ = {isa = PBXFileReference; fileEncoding = 4; lastKnownFileType = sourcecode.c.objc; name = Bar.m; path = barmanager/Bar.m; sourceTree = "<group>"; };
		DA02CE431631A1470096E156 /* BaseUser.h */ = {isa = PBXFileReference; fileEncoding = 4; lastKnownFileType = sourcecode.c.h; name = BaseUser.h; path = barmanager/BaseUser.h; sourceTree = "<group>"; };
		DA02CE441631A1470096E156 /* BaseUser.m */ = {isa = PBXFileReference; fileEncoding = 4; lastKnownFileType = sourcecode.c.objc; name = BaseUser.m; path = barmanager/BaseUser.m; sourceTree = "<group>"; };
		DA02CE491631BC060096E156 /* User.h */ = {isa = PBXFileReference; fileEncoding = 4; lastKnownFileType = sourcecode.c.h; name = User.h; path = barmanager/User.h; sourceTree = "<group>"; };
		DA02CE4A1631BC060096E156 /* User.m */ = {isa = PBXFileReference; fileEncoding = 4; lastKnownFileType = sourcecode.c.objc; name = User.m; path = barmanager/User.m; sourceTree = "<group>"; };
		DA70E43C163FF33900645F6F /* AddBarViewController.h */ = {isa = PBXFileReference; fileEncoding = 4; lastKnownFileType = sourcecode.c.h; path = AddBarViewController.h; sourceTree = "<group>"; };
		DA70E43D163FF33900645F6F /* AddBarViewController.m */ = {isa = PBXFileReference; fileEncoding = 4; lastKnownFileType = sourcecode.c.objc; path = AddBarViewController.m; sourceTree = "<group>"; };
		DAFF754F162D82F1001A9E0F /* barmanager.app */ = {isa = PBXFileReference; explicitFileType = wrapper.application; includeInIndex = 0; path = barmanager.app; sourceTree = BUILT_PRODUCTS_DIR; };
		DAFF7553162D82F1001A9E0F /* UIKit.framework */ = {isa = PBXFileReference; includeInIndex = 1; lastKnownFileType = wrapper.framework; name = UIKit.framework; path = System/Library/Frameworks/UIKit.framework; sourceTree = SDKROOT; };
		DAFF7555162D82F1001A9E0F /* Foundation.framework */ = {isa = PBXFileReference; includeInIndex = 1; lastKnownFileType = wrapper.framework; name = Foundation.framework; path = System/Library/Frameworks/Foundation.framework; sourceTree = SDKROOT; };
		DAFF7557162D82F1001A9E0F /* CoreGraphics.framework */ = {isa = PBXFileReference; includeInIndex = 1; lastKnownFileType = wrapper.framework; name = CoreGraphics.framework; path = System/Library/Frameworks/CoreGraphics.framework; sourceTree = SDKROOT; };
		DAFF755B162D82F1001A9E0F /* barmanager-Info.plist */ = {isa = PBXFileReference; lastKnownFileType = text.plist.xml; path = "barmanager-Info.plist"; sourceTree = "<group>"; };
		DAFF755D162D82F1001A9E0F /* en */ = {isa = PBXFileReference; lastKnownFileType = text.plist.strings; name = en; path = en.lproj/InfoPlist.strings; sourceTree = "<group>"; };
		DAFF755F162D82F1001A9E0F /* main.m */ = {isa = PBXFileReference; lastKnownFileType = sourcecode.c.objc; path = main.m; sourceTree = "<group>"; };
		DAFF7561162D82F1001A9E0F /* barmanager-Prefix.pch */ = {isa = PBXFileReference; lastKnownFileType = sourcecode.c.h; path = "barmanager-Prefix.pch"; sourceTree = "<group>"; };
		DAFF7562162D82F1001A9E0F /* AppDelegate.h */ = {isa = PBXFileReference; lastKnownFileType = sourcecode.c.h; path = AppDelegate.h; sourceTree = "<group>"; };
		DAFF7563162D82F1001A9E0F /* AppDelegate.m */ = {isa = PBXFileReference; lastKnownFileType = sourcecode.c.objc; path = AppDelegate.m; sourceTree = "<group>"; };
		DAFF7565162D82F1001A9E0F /* Default.png */ = {isa = PBXFileReference; lastKnownFileType = image.png; path = Default.png; sourceTree = "<group>"; };
		DAFF7567162D82F1001A9E0F /* Default@2x.png */ = {isa = PBXFileReference; lastKnownFileType = image.png; path = "Default@2x.png"; sourceTree = "<group>"; };
		DAFF7569162D82F1001A9E0F /* Default-568h@2x.png */ = {isa = PBXFileReference; lastKnownFileType = image.png; path = "Default-568h@2x.png"; sourceTree = "<group>"; };
		DAFF756C162D82F1001A9E0F /* en */ = {isa = PBXFileReference; lastKnownFileType = file.storyboard; name = en; path = en.lproj/MainStoryboard.storyboard; sourceTree = "<group>"; };
		DAFF756E162D82F1001A9E0F /* LoginViewController.h */ = {isa = PBXFileReference; lastKnownFileType = sourcecode.c.h; path = LoginViewController.h; sourceTree = "<group>"; };
		DAFF756F162D82F1001A9E0F /* LoginViewController.m */ = {isa = PBXFileReference; lastKnownFileType = sourcecode.c.objc; path = LoginViewController.m; sourceTree = "<group>"; };
		DAFF758A162D91EC001A9E0F /* DashboardViewController.h */ = {isa = PBXFileReference; fileEncoding = 4; lastKnownFileType = sourcecode.c.h; path = DashboardViewController.h; sourceTree = "<group>"; };
		DAFF758B162D91EC001A9E0F /* DashboardViewController.m */ = {isa = PBXFileReference; fileEncoding = 4; lastKnownFileType = sourcecode.c.objc; path = DashboardViewController.m; sourceTree = "<group>"; };
/* End PBXFileReference section */

/* Begin PBXFrameworksBuildPhase section */
		DAFF754C162D82F1001A9E0F /* Frameworks */ = {
			isa = PBXFrameworksBuildPhase;
			buildActionMask = 2147483647;
			files = (
				D93061AD1637422700BB0B75 /* CoreLocation.framework in Frameworks */,
				DA02CE3B16315CC80096E156 /* libxml2.dylib in Frameworks */,
				DA02CE3916315CC10096E156 /* QuartzCore.framework in Frameworks */,
				DA02CE3716315CBB0096E156 /* SystemConfiguration.framework in Frameworks */,
				DA02CE3516315CAE0096E156 /* CFNetwork.framework in Frameworks */,
				DA02CE3316315C9B0096E156 /* Security.framework in Frameworks */,
				DA02CE2F16315C7F0096E156 /* MobileCoreServices.framework in Frameworks */,
				DA02CE3116315C870096E156 /* CoreData.framework in Frameworks */,
				3205749716314EC900D33909 /* AdSupport.framework in Frameworks */,
				3205749516314EC200D33909 /* Accounts.framework in Frameworks */,
				3205749216314EBD00D33909 /* Social.framework in Frameworks */,
				DAFF7554162D82F1001A9E0F /* UIKit.framework in Frameworks */,
				DAFF7556162D82F1001A9E0F /* Foundation.framework in Frameworks */,
				DAFF7558162D82F1001A9E0F /* CoreGraphics.framework in Frameworks */,
				09ECC0EA0BAD47608C81E677 /* libPods.a in Frameworks */,
			);
			runOnlyForDeploymentPostprocessing = 0;
		};
/* End PBXFrameworksBuildPhase section */

/* Begin PBXGroup section */
		DA02CE3C163182C60096E156 /* Models */ = {
			isa = PBXGroup;
			children = (
				D971E374163A96B1003B53A3 /* BaseBankTransaction.h */,
				D971E375163A96B1003B53A3 /* BaseBankTransaction.m */,
				D971E377163A972E003B53A3 /* BankTransaction.h */,
				D971E378163A972E003B53A3 /* BankTransaction.m */,
				DA02CE3D163185FE0096E156 /* BaseBar.h */,
				DA02CE3E163185FE0096E156 /* BaseBar.m */,
				DA02CE40163186740096E156 /* Bar.h */,
				DA02CE41163186740096E156 /* Bar.m */,
				D955301B1637E60400C81849 /* BaseCity.h */,
				D955301C1637E60400C81849 /* BaseCity.m */,
				D95530181637E5D900C81849 /* City.h */,
				D95530191637E5D900C81849 /* City.m */,
				DA02CE431631A1470096E156 /* BaseUser.h */,
				DA02CE441631A1470096E156 /* BaseUser.m */,
				DA02CE491631BC060096E156 /* User.h */,
				DA02CE4A1631BC060096E156 /* User.m */,
				D94F0A80163FF49F00AF016D /* BaseFeature.h */,
				D94F0A81163FF49F00AF016D /* BaseFeature.m */,
				D94F0A83163FF5CE00AF016D /* Feature.h */,
				D94F0A84163FF5CE00AF016D /* Feature.m */,
				D94F0A891640112200AF016D /* BaseExpansion.h */,
				D94F0A8A1640112200AF016D /* BaseExpansion.m */,
				D94F0A861640111300AF016D /* Expansion.h */,
				D94F0A871640111300AF016D /* Expansion.m */,
				D94F0A8C1640188400AF016D /* BaseEnlargement.h */,
				D94F0A8D1640188500AF016D /* BaseEnlargement.m */,
				D94F0A8F1640189900AF016D /* Enlargement.h */,
				D94F0A901640189A00AF016D /* Enlargement.m */,
				32C1C6D416353FF700D6AA5C /* DataModel.h */,
				32C1C6D516353FF700D6AA5C /* DataModel.m */,
				32C1C6D81635414F00D6AA5C /* data.plist */,
			);
			name = Models;
			sourceTree = "<group>";
		};
		DAFF7544162D82F1001A9E0F = {
			isa = PBXGroup;
			children = (
				32B4755316495E3C00C3BE3A /* icon-57.png */,
				32B4755016495E1700C3BE3A /* icon-114.png */,
				DAFF7559162D82F1001A9E0F /* barmanager */,
				DA02CE3C163182C60096E156 /* Models */,
				DAFF7552162D82F1001A9E0F /* Frameworks */,
				DAFF7550162D82F1001A9E0F /* Products */,
				23EE8D7293D74C4B899AE1E8 /* Pods.xcconfig */,
			);
			sourceTree = "<group>";
		};
		DAFF7550162D82F1001A9E0F /* Products */ = {
			isa = PBXGroup;
			children = (
				DAFF754F162D82F1001A9E0F /* barmanager.app */,
			);
			name = Products;
			sourceTree = "<group>";
		};
		DAFF7552162D82F1001A9E0F /* Frameworks */ = {
			isa = PBXGroup;
			children = (
				D93061AC1637422700BB0B75 /* CoreLocation.framework */,
				DA02CE3A16315CC80096E156 /* libxml2.dylib */,
				DA02CE3816315CC10096E156 /* QuartzCore.framework */,
				DA02CE3616315CBB0096E156 /* SystemConfiguration.framework */,
				DA02CE3416315CAE0096E156 /* CFNetwork.framework */,
				DA02CE3216315C9B0096E156 /* Security.framework */,
				DA02CE3016315C870096E156 /* CoreData.framework */,
				DA02CE2E16315C7F0096E156 /* MobileCoreServices.framework */,
				3205749616314EC900D33909 /* AdSupport.framework */,
				3205749416314EC200D33909 /* Accounts.framework */,
				3205749116314EBD00D33909 /* Social.framework */,
				DAFF7553162D82F1001A9E0F /* UIKit.framework */,
				DAFF7555162D82F1001A9E0F /* Foundation.framework */,
				DAFF7557162D82F1001A9E0F /* CoreGraphics.framework */,
				8626067EA2604DB5841B937F /* libPods.a */,
			);
			name = Frameworks;
			sourceTree = "<group>";
		};
		DAFF7559162D82F1001A9E0F /* barmanager */ = {
			isa = PBXGroup;
			children = (
				DAFF7562162D82F1001A9E0F /* AppDelegate.h */,
				DAFF7563162D82F1001A9E0F /* AppDelegate.m */,
				DAFF756B162D82F1001A9E0F /* MainStoryboard.storyboard */,
				322095D316392D8E000C70D9 /* RootTabBarController.h */,
				322095D416392D8E000C70D9 /* RootTabBarController.m */,
				DAFF758A162D91EC001A9E0F /* DashboardViewController.h */,
				DAFF758B162D91EC001A9E0F /* DashboardViewController.m */,
				DAFF756E162D82F1001A9E0F /* LoginViewController.h */,
				DAFF756F162D82F1001A9E0F /* LoginViewController.m */,
				D971E370163A94C4003B53A3 /* BankViewController.h */,
				D971E371163A94C4003B53A3 /* BankViewController.m */,
				327E8485163ECBC50009ABE2 /* BarIndexViewController.h */,
				327E8486163ECBC50009ABE2 /* BarIndexViewController.m */,
				D94F0A7A163FF16800AF016D /* BarViewController.h */,
				D94F0A7B163FF16800AF016D /* BarViewController.m */,
				DA70E43C163FF33900645F6F /* AddBarViewController.h */,
				DA70E43D163FF33900645F6F /* AddBarViewController.m */,
				322095D716393493000C70D9 /* LocationManager.h */,
				322095D816393493000C70D9 /* LocationManager.m */,
				DAFF755A162D82F1001A9E0F /* Supporting Files */,
			);
			path = barmanager;
			sourceTree = "<group>";
		};
		DAFF755A162D82F1001A9E0F /* Supporting Files */ = {
			isa = PBXGroup;
			children = (
				323DF1AA163FE9D00080DA33 /* logo.png */,
				323DF1AB163FE9D00080DA33 /* logo@2x.png */,
				323DF1A6163FE7100080DA33 /* bar.jpg */,
				323DF1A7163FE7100080DA33 /* bar@2x.jpg */,
				323DF1A2163FE5540080DA33 /* facebook-connect-button@2x.png */,
				323DF19F163FE10E0080DA33 /* facebook-connect-button.png */,
				327E848C163ED7940009ABE2 /* beers.png */,
				327E848D163ED7940009ABE2 /* beers@2x.png */,
				327E8479163EC9100009ABE2 /* iconmonstr-details-large-view-icon.png */,
				327E847A163EC9100009ABE2 /* iconmonstr-details-large-view-icon@2x.png */,
				327E847B163EC9100009ABE2 /* iconmonstr-home-icon.png */,
				327E847C163EC9100009ABE2 /* iconmonstr-home-icon@2x.png */,
				327E847D163EC9100009ABE2 /* iconmonstr-line-chart-icon.png */,
				327E847E163EC9100009ABE2 /* iconmonstr-line-chart-icon@2x.png */,
				DAFF755B162D82F1001A9E0F /* barmanager-Info.plist */,
				DAFF755C162D82F1001A9E0F /* InfoPlist.strings */,
				DAFF755F162D82F1001A9E0F /* main.m */,
				DAFF7561162D82F1001A9E0F /* barmanager-Prefix.pch */,
				DAFF7565162D82F1001A9E0F /* Default.png */,
				DAFF7567162D82F1001A9E0F /* Default@2x.png */,
				DAFF7569162D82F1001A9E0F /* Default-568h@2x.png */,
			);
			name = "Supporting Files";
			sourceTree = "<group>";
		};
/* End PBXGroup section */

/* Begin PBXNativeTarget section */
		DAFF754E162D82F1001A9E0F /* barmanager */ = {
			isa = PBXNativeTarget;
			buildConfigurationList = DAFF7573162D82F1001A9E0F /* Build configuration list for PBXNativeTarget "barmanager" */;
			buildPhases = (
				DAFF754B162D82F1001A9E0F /* Sources */,
				DAFF754C162D82F1001A9E0F /* Frameworks */,
				DAFF754D162D82F1001A9E0F /* Resources */,
				B0B57D170DFA4DF1A338D34E /* Copy Pods Resources */,
			);
			buildRules = (
			);
			dependencies = (
			);
			name = barmanager;
			productName = barmanager;
			productReference = DAFF754F162D82F1001A9E0F /* barmanager.app */;
			productType = "com.apple.product-type.application";
		};
/* End PBXNativeTarget section */

/* Begin PBXProject section */
		DAFF7546162D82F1001A9E0F /* Project object */ = {
			isa = PBXProject;
			attributes = {
				LastUpgradeCheck = 0450;
				ORGANIZATIONNAME = ITflows;
			};
			buildConfigurationList = DAFF7549162D82F1001A9E0F /* Build configuration list for PBXProject "barmanager" */;
			compatibilityVersion = "Xcode 3.2";
			developmentRegion = English;
			hasScannedForEncodings = 0;
			knownRegions = (
				en,
			);
			mainGroup = DAFF7544162D82F1001A9E0F;
			productRefGroup = DAFF7550162D82F1001A9E0F /* Products */;
			projectDirPath = "";
			projectRoot = "";
			targets = (
				DAFF754E162D82F1001A9E0F /* barmanager */,
			);
		};
/* End PBXProject section */

/* Begin PBXResourcesBuildPhase section */
		DAFF754D162D82F1001A9E0F /* Resources */ = {
			isa = PBXResourcesBuildPhase;
			buildActionMask = 2147483647;
			files = (
				DAFF755E162D82F1001A9E0F /* InfoPlist.strings in Resources */,
				DAFF7566162D82F1001A9E0F /* Default.png in Resources */,
				DAFF7568162D82F1001A9E0F /* Default@2x.png in Resources */,
				DAFF756A162D82F1001A9E0F /* Default-568h@2x.png in Resources */,
				DAFF756D162D82F1001A9E0F /* MainStoryboard.storyboard in Resources */,
				32C1C6D91635414F00D6AA5C /* data.plist in Resources */,
				327E847F163EC9100009ABE2 /* iconmonstr-details-large-view-icon.png in Resources */,
				327E8480163EC9100009ABE2 /* iconmonstr-details-large-view-icon@2x.png in Resources */,
				327E8481163EC9100009ABE2 /* iconmonstr-home-icon.png in Resources */,
				327E8482163EC9100009ABE2 /* iconmonstr-home-icon@2x.png in Resources */,
				327E8483163EC9100009ABE2 /* iconmonstr-line-chart-icon.png in Resources */,
				327E8484163EC9100009ABE2 /* iconmonstr-line-chart-icon@2x.png in Resources */,
				327E848E163ED7940009ABE2 /* beers.png in Resources */,
				327E848F163ED7940009ABE2 /* beers@2x.png in Resources */,
				323DF1A0163FE10E0080DA33 /* facebook-connect-button.png in Resources */,
				323DF1A3163FE5540080DA33 /* facebook-connect-button@2x.png in Resources */,
				323DF1A8163FE7100080DA33 /* bar.jpg in Resources */,
				323DF1A9163FE7100080DA33 /* bar@2x.jpg in Resources */,
				323DF1AC163FE9D00080DA33 /* logo.png in Resources */,
				323DF1AD163FE9D00080DA33 /* logo@2x.png in Resources */,
				32B4755116495E1700C3BE3A /* icon-114.png in Resources */,
				32B4755416495E3C00C3BE3A /* icon-57.png in Resources */,
			);
			runOnlyForDeploymentPostprocessing = 0;
		};
/* End PBXResourcesBuildPhase section */

/* Begin PBXShellScriptBuildPhase section */
		B0B57D170DFA4DF1A338D34E /* Copy Pods Resources */ = {
			isa = PBXShellScriptBuildPhase;
			buildActionMask = 2147483647;
			files = (
			);
			inputPaths = (
			);
			name = "Copy Pods Resources";
			outputPaths = (
			);
			runOnlyForDeploymentPostprocessing = 0;
			shellPath = /bin/sh;
			shellScript = "\"${SRCROOT}/Pods/Pods-resources.sh\"\n";
		};
/* End PBXShellScriptBuildPhase section */

/* Begin PBXSourcesBuildPhase section */
		DAFF754B162D82F1001A9E0F /* Sources */ = {
			isa = PBXSourcesBuildPhase;
			buildActionMask = 2147483647;
			files = (
				DAFF7560162D82F1001A9E0F /* main.m in Sources */,
				DAFF7564162D82F1001A9E0F /* AppDelegate.m in Sources */,
				DAFF7570162D82F1001A9E0F /* LoginViewController.m in Sources */,
				DAFF758C162D91EC001A9E0F /* DashboardViewController.m in Sources */,
				DA02CE3F163185FE0096E156 /* BaseBar.m in Sources */,
				DA02CE42163186740096E156 /* Bar.m in Sources */,
				DA02CE451631A1470096E156 /* BaseUser.m in Sources */,
				DA02CE4B1631BC060096E156 /* User.m in Sources */,
				32C1C6D616353FF700D6AA5C /* DataModel.m in Sources */,
				D955301A1637E5D900C81849 /* City.m in Sources */,
				D955301D1637E60400C81849 /* BaseCity.m in Sources */,
				322095D516392D8E000C70D9 /* RootTabBarController.m in Sources */,
				322095D916393493000C70D9 /* LocationManager.m in Sources */,
				D971E372163A94C4003B53A3 /* BankViewController.m in Sources */,
				D971E376163A96B1003B53A3 /* BaseBankTransaction.m in Sources */,
				D971E379163A972E003B53A3 /* BankTransaction.m in Sources */,
				327E8487163ECBC50009ABE2 /* BarIndexViewController.m in Sources */,
				D94F0A7C163FF16800AF016D /* BarViewController.m in Sources */,
				D94F0A82163FF49F00AF016D /* BaseFeature.m in Sources */,
				D94F0A85163FF5CE00AF016D /* Feature.m in Sources */,
				D94F0A881640111400AF016D /* Expansion.m in Sources */,
				D94F0A8B1640112300AF016D /* BaseExpansion.m in Sources */,
				D94F0A8E1640188500AF016D /* BaseEnlargement.m in Sources */,
				D94F0A911640189A00AF016D /* Enlargement.m in Sources */,
				DA70E43E163FF33900645F6F /* AddBarViewController.m in Sources */,
			);
			runOnlyForDeploymentPostprocessing = 0;
		};
/* End PBXSourcesBuildPhase section */

/* Begin PBXVariantGroup section */
		DAFF755C162D82F1001A9E0F /* InfoPlist.strings */ = {
			isa = PBXVariantGroup;
			children = (
				DAFF755D162D82F1001A9E0F /* en */,
			);
			name = InfoPlist.strings;
			sourceTree = "<group>";
		};
		DAFF756B162D82F1001A9E0F /* MainStoryboard.storyboard */ = {
			isa = PBXVariantGroup;
			children = (
				DAFF756C162D82F1001A9E0F /* en */,
			);
			name = MainStoryboard.storyboard;
			sourceTree = "<group>";
		};
/* End PBXVariantGroup section */

/* Begin XCBuildConfiguration section */
		DAFF7571162D82F1001A9E0F /* Debug */ = {
			isa = XCBuildConfiguration;
			buildSettings = {
				ALWAYS_SEARCH_USER_PATHS = NO;
				CLANG_CXX_LANGUAGE_STANDARD = "gnu++0x";
				CLANG_CXX_LIBRARY = "libc++";
				CLANG_ENABLE_OBJC_ARC = YES;
				CLANG_WARN_EMPTY_BODY = YES;
				CLANG_WARN__DUPLICATE_METHOD_MATCH = YES;
				"CODE_SIGN_IDENTITY[sdk=iphoneos*]" = "iPhone Developer";
				COPY_PHASE_STRIP = NO;
				GCC_C_LANGUAGE_STANDARD = gnu99;
				GCC_DYNAMIC_NO_PIC = NO;
				GCC_OPTIMIZATION_LEVEL = 0;
				GCC_PREPROCESSOR_DEFINITIONS = (
					"DEBUG=1",
					"$(inherited)",
					"API_URL=\\@\\\"http://barmanager.dev\\\"",
				);
				GCC_SYMBOLS_PRIVATE_EXTERN = NO;
				GCC_WARN_ABOUT_RETURN_TYPE = YES;
				GCC_WARN_UNINITIALIZED_AUTOS = YES;
				GCC_WARN_UNUSED_VARIABLE = YES;
				IPHONEOS_DEPLOYMENT_TARGET = 6.0;
				SDKROOT = iphoneos;
			};
			name = Debug;
		};
		DAFF7572162D82F1001A9E0F /* Release */ = {
			isa = XCBuildConfiguration;
			buildSettings = {
				ALWAYS_SEARCH_USER_PATHS = NO;
				CLANG_CXX_LANGUAGE_STANDARD = "gnu++0x";
				CLANG_CXX_LIBRARY = "libc++";
				CLANG_ENABLE_OBJC_ARC = YES;
				CLANG_WARN_EMPTY_BODY = YES;
				CLANG_WARN__DUPLICATE_METHOD_MATCH = YES;
				"CODE_SIGN_IDENTITY[sdk=iphoneos*]" = "iPhone Developer";
				COPY_PHASE_STRIP = YES;
				GCC_C_LANGUAGE_STANDARD = gnu99;
				GCC_PREPROCESSOR_DEFINITIONS = "API_URL=\\@\\\"http://barmanager.herokuapp.com\\\"";
				GCC_WARN_ABOUT_RETURN_TYPE = YES;
				GCC_WARN_UNINITIALIZED_AUTOS = YES;
				GCC_WARN_UNUSED_VARIABLE = YES;
				IPHONEOS_DEPLOYMENT_TARGET = 6.0;
				OTHER_CFLAGS = "-DNS_BLOCK_ASSERTIONS=1";
				SDKROOT = iphoneos;
				VALIDATE_PRODUCT = YES;
			};
			name = Release;
		};
		DAFF7574162D82F1001A9E0F /* Debug */ = {
			isa = XCBuildConfiguration;
			baseConfigurationReference = 23EE8D7293D74C4B899AE1E8 /* Pods.xcconfig */;
			buildSettings = {
				FRAMEWORK_SEARCH_PATHS = (
					"$(inherited)",
					"\"$(SRCROOT)\"",
				);
				GCC_PRECOMPILE_PREFIX_HEADER = YES;
				GCC_PREFIX_HEADER = "barmanager/barmanager-Prefix.pch";
				HEADER_SEARCH_PATHS = "${PODS_HEADERS_SEARCH_PATHS}";
				INFOPLIST_FILE = "barmanager/barmanager-Info.plist";
				OTHER_LDFLAGS = (
					"-ObjC",
					"-lsqlite3.0",
					"-all_load",
				);
				PRODUCT_NAME = "$(TARGET_NAME)";
				WRAPPER_EXTENSION = app;
			};
			name = Debug;
		};
		DAFF7575162D82F1001A9E0F /* Release */ = {
			isa = XCBuildConfiguration;
			baseConfigurationReference = 23EE8D7293D74C4B899AE1E8 /* Pods.xcconfig */;
			buildSettings = {
				FRAMEWORK_SEARCH_PATHS = (
					"$(inherited)",
					"\"$(SRCROOT)\"",
				);
				GCC_PRECOMPILE_PREFIX_HEADER = YES;
				GCC_PREFIX_HEADER = "barmanager/barmanager-Prefix.pch";
				HEADER_SEARCH_PATHS = "${PODS_HEADERS_SEARCH_PATHS}";
				INFOPLIST_FILE = "barmanager/barmanager-Info.plist";
				OTHER_LDFLAGS = (
					"-ObjC",
					"-lsqlite3.0",
					"-all_load",
				);
				PRODUCT_NAME = "$(TARGET_NAME)";
				WRAPPER_EXTENSION = app;
			};
			name = Release;
		};
/* End XCBuildConfiguration section */

/* Begin XCConfigurationList section */
		DAFF7549162D82F1001A9E0F /* Build configuration list for PBXProject "barmanager" */ = {
			isa = XCConfigurationList;
			buildConfigurations = (
				DAFF7571162D82F1001A9E0F /* Debug */,
				DAFF7572162D82F1001A9E0F /* Release */,
			);
			defaultConfigurationIsVisible = 0;
			defaultConfigurationName = Release;
		};
		DAFF7573162D82F1001A9E0F /* Build configuration list for PBXNativeTarget "barmanager" */ = {
			isa = XCConfigurationList;
			buildConfigurations = (
				DAFF7574162D82F1001A9E0F /* Debug */,
				DAFF7575162D82F1001A9E0F /* Release */,
			);
			defaultConfigurationIsVisible = 0;
			defaultConfigurationName = Release;
		};
/* End XCConfigurationList section */
	};
	rootObject = DAFF7546162D82F1001A9E0F /* Project object */;
}
