// !$*UTF8*$!
{
	archiveVersion = 1;
	classes = {
	};
	objectVersion = 46;
	objects = {

/* Begin PBXBuildFile section */
		09ECC0EA0BAD47608C81E677 /* libPods.a in Frameworks */ = {isa = PBXBuildFile; fileRef = 8626067EA2604DB5841B937F /* libPods.a */; };
		3205749216314EBD00D33909 /* Social.framework in Frameworks */ = {isa = PBXBuildFile; fileRef = 3205749116314EBD00D33909 /* Social.framework */; settings = {ATTRIBUTES = (Weak, ); }; };
		3205749516314EC200D33909 /* Accounts.framework in Frameworks */ = {isa = PBXBuildFile; fileRef = 3205749416314EC200D33909 /* Accounts.framework */; settings = {ATTRIBUTES = (Weak, ); }; };
		3205749716314EC900D33909 /* AdSupport.framework in Frameworks */ = {isa = PBXBuildFile; fileRef = 3205749616314EC900D33909 /* AdSupport.framework */; settings = {ATTRIBUTES = (Weak, ); }; };
		322095D516392D8E000C70D9 /* RootTabBarController.m in Sources */ = {isa = PBXBuildFile; fileRef = 322095D416392D8E000C70D9 /* RootTabBarController.m */; };
		322095D916393493000C70D9 /* LocationManager.m in Sources */ = {isa = PBXBuildFile; fileRef = 322095D816393493000C70D9 /* LocationManager.m */; };
		325BDB1B16552F77009664A3 /* bank_bg.png in Resources */ = {isa = PBXBuildFile; fileRef = 325BDB1916552F77009664A3 /* bank_bg.png */; };
		325BDB1C16552F77009664A3 /* bank_bg@2x.png in Resources */ = {isa = PBXBuildFile; fileRef = 325BDB1A16552F77009664A3 /* bank_bg@2x.png */; };
		327E8487163ECBC50009ABE2 /* BarIndexViewController.m in Sources */ = {isa = PBXBuildFile; fileRef = 327E8486163ECBC50009ABE2 /* BarIndexViewController.m */; };
		32B422AA16668A640056F7F6 /* bar-features.png in Resources */ = {isa = PBXBuildFile; fileRef = 32B422A416668A640056F7F6 /* bar-features.png */; };
		32B422AB16668A640056F7F6 /* bar-features@2x.png in Resources */ = {isa = PBXBuildFile; fileRef = 32B422A516668A640056F7F6 /* bar-features@2x.png */; };
		32B422AC16668A640056F7F6 /* bar-index.png in Resources */ = {isa = PBXBuildFile; fileRef = 32B422A616668A640056F7F6 /* bar-index.png */; };
		32B422AD16668A640056F7F6 /* bar-index@2x.png in Resources */ = {isa = PBXBuildFile; fileRef = 32B422A716668A640056F7F6 /* bar-index@2x.png */; };
		32B422AE16668A640056F7F6 /* bar-view.png in Resources */ = {isa = PBXBuildFile; fileRef = 32B422A816668A640056F7F6 /* bar-view.png */; };
		32B422AF16668A640056F7F6 /* bar-view@2x.png in Resources */ = {isa = PBXBuildFile; fileRef = 32B422A916668A640056F7F6 /* bar-view@2x.png */; };
		D9178F8216551CEA00505A23 /* AddFeatureViewController.m in Sources */ = {isa = PBXBuildFile; fileRef = D9178F8116551CEA00505A23 /* AddFeatureViewController.m */; };
		D93061AD1637422700BB0B75 /* CoreLocation.framework in Frameworks */ = {isa = PBXBuildFile; fileRef = D93061AC1637422700BB0B75 /* CoreLocation.framework */; };
		D971E372163A94C4003B53A3 /* BankViewController.m in Sources */ = {isa = PBXBuildFile; fileRef = D971E371163A94C4003B53A3 /* BankViewController.m */; };
		DA02CE2F16315C7F0096E156 /* MobileCoreServices.framework in Frameworks */ = {isa = PBXBuildFile; fileRef = DA02CE2E16315C7F0096E156 /* MobileCoreServices.framework */; };
		DA02CE3116315C870096E156 /* CoreData.framework in Frameworks */ = {isa = PBXBuildFile; fileRef = DA02CE3016315C870096E156 /* CoreData.framework */; };
		DA02CE3316315C9B0096E156 /* Security.framework in Frameworks */ = {isa = PBXBuildFile; fileRef = DA02CE3216315C9B0096E156 /* Security.framework */; };
		DA02CE3516315CAE0096E156 /* CFNetwork.framework in Frameworks */ = {isa = PBXBuildFile; fileRef = DA02CE3416315CAE0096E156 /* CFNetwork.framework */; };
		DA02CE3716315CBB0096E156 /* SystemConfiguration.framework in Frameworks */ = {isa = PBXBuildFile; fileRef = DA02CE3616315CBB0096E156 /* SystemConfiguration.framework */; };
		DA02CE3916315CC10096E156 /* QuartzCore.framework in Frameworks */ = {isa = PBXBuildFile; fileRef = DA02CE3816315CC10096E156 /* QuartzCore.framework */; };
		DA02CE3B16315CC80096E156 /* libxml2.dylib in Frameworks */ = {isa = PBXBuildFile; fileRef = DA02CE3A16315CC80096E156 /* libxml2.dylib */; };
		DA1DD693165512E5009BBE0F /* BarViewController.m in Sources */ = {isa = PBXBuildFile; fileRef = DA1DD692165512E5009BBE0F /* BarViewController.m */; };
		DA1DD69D16551D87009BBE0F /* BarViewCell.m in Sources */ = {isa = PBXBuildFile; fileRef = DA1DD69C16551D87009BBE0F /* BarViewCell.m */; };
		DA44CF9016565C6700ECEB2A /* DataModel.m in Sources */ = {isa = PBXBuildFile; fileRef = DA44CF8916565C6700ECEB2A /* DataModel.m */; };
		DA44CFCC16565FF300ECEB2A /* beers.png in Resources */ = {isa = PBXBuildFile; fileRef = DA44CF9C16565FF200ECEB2A /* beers.png */; };
		DA44CFCD16565FF300ECEB2A /* beers@2x.png in Resources */ = {isa = PBXBuildFile; fileRef = DA44CF9D16565FF200ECEB2A /* beers@2x.png */; };
		DA44CFCE16565FF300ECEB2A /* bier.png in Resources */ = {isa = PBXBuildFile; fileRef = DA44CF9E16565FF200ECEB2A /* bier.png */; };
		DA44CFCF16565FF300ECEB2A /* bier@2x.png in Resources */ = {isa = PBXBuildFile; fileRef = DA44CF9F16565FF200ECEB2A /* bier@2x.png */; };
		DA44CFD016565FF300ECEB2A /* chicken.png in Resources */ = {isa = PBXBuildFile; fileRef = DA44CFA016565FF200ECEB2A /* chicken.png */; };
		DA44CFD116565FF300ECEB2A /* chicken@2x.png in Resources */ = {isa = PBXBuildFile; fileRef = DA44CFA116565FF200ECEB2A /* chicken@2x.png */; };
		DA44CFD216565FF300ECEB2A /* cocktail.png in Resources */ = {isa = PBXBuildFile; fileRef = DA44CFA216565FF200ECEB2A /* cocktail.png */; };
		DA44CFD316565FF300ECEB2A /* cocktail@2x.png in Resources */ = {isa = PBXBuildFile; fileRef = DA44CFA316565FF200ECEB2A /* cocktail@2x.png */; };
		DA44CFD416565FF300ECEB2A /* coffee.png in Resources */ = {isa = PBXBuildFile; fileRef = DA44CFA416565FF200ECEB2A /* coffee.png */; };
		DA44CFD516565FF300ECEB2A /* coffee@2x.png in Resources */ = {isa = PBXBuildFile; fileRef = DA44CFA516565FF200ECEB2A /* coffee@2x.png */; };
		DA44CFD616565FF300ECEB2A /* computer.png in Resources */ = {isa = PBXBuildFile; fileRef = DA44CFA616565FF200ECEB2A /* computer.png */; };
		DA44CFD716565FF300ECEB2A /* computer@2x.png in Resources */ = {isa = PBXBuildFile; fileRef = DA44CFA716565FF200ECEB2A /* computer@2x.png */; };
		DA44CFD816565FF300ECEB2A /* doorguy.png in Resources */ = {isa = PBXBuildFile; fileRef = DA44CFA816565FF200ECEB2A /* doorguy.png */; };
		DA44CFD916565FF300ECEB2A /* doorguy@2x.png in Resources */ = {isa = PBXBuildFile; fileRef = DA44CFA916565FF200ECEB2A /* doorguy@2x.png */; };
		DA44CFDA16565FF300ECEB2A /* extra_verdieping.png in Resources */ = {isa = PBXBuildFile; fileRef = DA44CFAA16565FF200ECEB2A /* extra_verdieping.png */; };
		DA44CFDB16565FF300ECEB2A /* extra_verdieping@2x.png in Resources */ = {isa = PBXBuildFile; fileRef = DA44CFAB16565FF200ECEB2A /* extra_verdieping@2x.png */; };
		DA44CFDC16565FF300ECEB2A /* frisdrank.png in Resources */ = {isa = PBXBuildFile; fileRef = DA44CFAC16565FF300ECEB2A /* frisdrank.png */; };
		DA44CFDD16565FF300ECEB2A /* frisdrank@2x.png in Resources */ = {isa = PBXBuildFile; fileRef = DA44CFAD16565FF300ECEB2A /* frisdrank@2x.png */; };
		DA44CFDE16565FF300ECEB2A /* icon-57.png in Resources */ = {isa = PBXBuildFile; fileRef = DA44CFAE16565FF300ECEB2A /* icon-57.png */; };
		DA44CFDF16565FF300ECEB2A /* icon-57@2x.png in Resources */ = {isa = PBXBuildFile; fileRef = DA44CFAF16565FF300ECEB2A /* icon-57@2x.png */; };
		DA44CFE016565FF300ECEB2A /* icon-114.png in Resources */ = {isa = PBXBuildFile; fileRef = DA44CFB016565FF300ECEB2A /* icon-114.png */; };
		DA44CFE116565FF300ECEB2A /* icon-114@2x.png in Resources */ = {isa = PBXBuildFile; fileRef = DA44CFB116565FF300ECEB2A /* icon-114@2x.png */; };
		DA44CFE216565FF300ECEB2A /* iconmonstr-details-large-view-icon.png in Resources */ = {isa = PBXBuildFile; fileRef = DA44CFB216565FF300ECEB2A /* iconmonstr-details-large-view-icon.png */; };
		DA44CFE316565FF300ECEB2A /* iconmonstr-details-large-view-icon@2x.png in Resources */ = {isa = PBXBuildFile; fileRef = DA44CFB316565FF300ECEB2A /* iconmonstr-details-large-view-icon@2x.png */; };
		DA44CFE416565FF300ECEB2A /* iconmonstr-home-icon.png in Resources */ = {isa = PBXBuildFile; fileRef = DA44CFB416565FF300ECEB2A /* iconmonstr-home-icon.png */; };
		DA44CFE516565FF300ECEB2A /* iconmonstr-home-icon@2x.png in Resources */ = {isa = PBXBuildFile; fileRef = DA44CFB516565FF300ECEB2A /* iconmonstr-home-icon@2x.png */; };
		DA44CFE616565FF300ECEB2A /* iconmonstr-line-chart-icon.png in Resources */ = {isa = PBXBuildFile; fileRef = DA44CFB616565FF300ECEB2A /* iconmonstr-line-chart-icon.png */; };
		DA44CFE716565FF300ECEB2A /* iconmonstr-line-chart-icon@2x.png in Resources */ = {isa = PBXBuildFile; fileRef = DA44CFB716565FF300ECEB2A /* iconmonstr-line-chart-icon@2x.png */; };
		DA44CFE816565FF300ECEB2A /* led.png in Resources */ = {isa = PBXBuildFile; fileRef = DA44CFB816565FF300ECEB2A /* led.png */; };
		DA44CFE916565FF300ECEB2A /* led@2x.png in Resources */ = {isa = PBXBuildFile; fileRef = DA44CFB916565FF300ECEB2A /* led@2x.png */; };
		DA44CFEA16565FF300ECEB2A /* pizza.png in Resources */ = {isa = PBXBuildFile; fileRef = DA44CFBA16565FF300ECEB2A /* pizza.png */; };
		DA44CFEB16565FF300ECEB2A /* pizza@2x.png in Resources */ = {isa = PBXBuildFile; fileRef = DA44CFBB16565FF300ECEB2A /* pizza@2x.png */; };
		DA44CFEC16565FF300ECEB2A /* pooltafel.png in Resources */ = {isa = PBXBuildFile; fileRef = DA44CFBC16565FF300ECEB2A /* pooltafel.png */; };
		DA44CFED16565FF300ECEB2A /* pooltafel@2x.png in Resources */ = {isa = PBXBuildFile; fileRef = DA44CFBD16565FF300ECEB2A /* pooltafel@2x.png */; };
		DA44CFEE16565FF300ECEB2A /* salade.png in Resources */ = {isa = PBXBuildFile; fileRef = DA44CFBE16565FF300ECEB2A /* salade.png */; };
		DA44CFEF16565FF300ECEB2A /* salade@2x.png in Resources */ = {isa = PBXBuildFile; fileRef = DA44CFBF16565FF300ECEB2A /* salade@2x.png */; };
		DA44CFF016565FF300ECEB2A /* stripster-2.png in Resources */ = {isa = PBXBuildFile; fileRef = DA44CFC016565FF300ECEB2A /* stripster-2.png */; };
		DA44CFF116565FF300ECEB2A /* stripster-2@2x.png in Resources */ = {isa = PBXBuildFile; fileRef = DA44CFC116565FF300ECEB2A /* stripster-2@2x.png */; };
		DA44CFF216565FF300ECEB2A /* stripster.png in Resources */ = {isa = PBXBuildFile; fileRef = DA44CFC216565FF300ECEB2A /* stripster.png */; };
		DA44CFF316565FF300ECEB2A /* stripster@2x.png in Resources */ = {isa = PBXBuildFile; fileRef = DA44CFC316565FF300ECEB2A /* stripster@2x.png */; };
		DA44CFF416565FF300ECEB2A /* terras.png in Resources */ = {isa = PBXBuildFile; fileRef = DA44CFC416565FF300ECEB2A /* terras.png */; };
		DA44CFF516565FF300ECEB2A /* terras@2x.png in Resources */ = {isa = PBXBuildFile; fileRef = DA44CFC516565FF300ECEB2A /* terras@2x.png */; };
		DA44CFF616565FF300ECEB2A /* toevoegen.png in Resources */ = {isa = PBXBuildFile; fileRef = DA44CFC616565FF300ECEB2A /* toevoegen.png */; };
		DA44CFF716565FF300ECEB2A /* toevoegen@2x.png in Resources */ = {isa = PBXBuildFile; fileRef = DA44CFC716565FF300ECEB2A /* toevoegen@2x.png */; };
		DA44CFF816565FF300ECEB2A /* uitsmijter-2.png in Resources */ = {isa = PBXBuildFile; fileRef = DA44CFC816565FF300ECEB2A /* uitsmijter-2.png */; };
		DA44CFF916565FF300ECEB2A /* uitsmijter-2@2x.png in Resources */ = {isa = PBXBuildFile; fileRef = DA44CFC916565FF300ECEB2A /* uitsmijter-2@2x.png */; };
		DA44CFFA16565FF300ECEB2A /* wifi.png in Resources */ = {isa = PBXBuildFile; fileRef = DA44CFCA16565FF300ECEB2A /* wifi.png */; };
		DA44CFFB16565FF300ECEB2A /* wifi@2x.png in Resources */ = {isa = PBXBuildFile; fileRef = DA44CFCB16565FF300ECEB2A /* wifi@2x.png */; };
		DA44D0051656605000ECEB2A /* bar.jpg in Resources */ = {isa = PBXBuildFile; fileRef = DA44CFFC1656605000ECEB2A /* bar.jpg */; };
		DA44D0061656605000ECEB2A /* bar@2x.jpg in Resources */ = {isa = PBXBuildFile; fileRef = DA44CFFD1656605000ECEB2A /* bar@2x.jpg */; };
		DA44D0071656605000ECEB2A /* Default-568h@2x.png in Resources */ = {isa = PBXBuildFile; fileRef = DA44CFFE1656605000ECEB2A /* Default-568h@2x.png */; };
		DA44D0081656605000ECEB2A /* Default.png in Resources */ = {isa = PBXBuildFile; fileRef = DA44CFFF1656605000ECEB2A /* Default.png */; };
		DA44D0091656605000ECEB2A /* Default@2x.png in Resources */ = {isa = PBXBuildFile; fileRef = DA44D0001656605000ECEB2A /* Default@2x.png */; };
		DA44D00A1656605000ECEB2A /* facebook-connect-button.png in Resources */ = {isa = PBXBuildFile; fileRef = DA44D0011656605000ECEB2A /* facebook-connect-button.png */; };
		DA44D00B1656605000ECEB2A /* facebook-connect-button@2x.png in Resources */ = {isa = PBXBuildFile; fileRef = DA44D0021656605000ECEB2A /* facebook-connect-button@2x.png */; };
		DA44D00C1656605000ECEB2A /* logo.png in Resources */ = {isa = PBXBuildFile; fileRef = DA44D0031656605000ECEB2A /* logo.png */; };
		DA44D00D1656605000ECEB2A /* logo@2x.png in Resources */ = {isa = PBXBuildFile; fileRef = DA44D0041656605000ECEB2A /* logo@2x.png */; };
		DA44D02A1656608F00ECEB2A /* BankTransaction.m in Sources */ = {isa = PBXBuildFile; fileRef = DA44D00F1656608F00ECEB2A /* BankTransaction.m */; };
		DA44D02B1656608F00ECEB2A /* Bar.m in Sources */ = {isa = PBXBuildFile; fileRef = DA44D0111656608F00ECEB2A /* Bar.m */; };
		DA44D02C1656608F00ECEB2A /* BaseBankTransaction.m in Sources */ = {isa = PBXBuildFile; fileRef = DA44D0131656608F00ECEB2A /* BaseBankTransaction.m */; };
		DA44D02D1656608F00ECEB2A /* BaseBar.m in Sources */ = {isa = PBXBuildFile; fileRef = DA44D0151656608F00ECEB2A /* BaseBar.m */; };
		DA44D02E1656608F00ECEB2A /* BaseCity.m in Sources */ = {isa = PBXBuildFile; fileRef = DA44D0171656608F00ECEB2A /* BaseCity.m */; };
		DA44D02F1656608F00ECEB2A /* BaseEnlargement.m in Sources */ = {isa = PBXBuildFile; fileRef = DA44D0191656608F00ECEB2A /* BaseEnlargement.m */; };
		DA44D0301656608F00ECEB2A /* BaseExpansion.m in Sources */ = {isa = PBXBuildFile; fileRef = DA44D01B1656608F00ECEB2A /* BaseExpansion.m */; };
		DA44D0311656608F00ECEB2A /* BaseFeature.m in Sources */ = {isa = PBXBuildFile; fileRef = DA44D01D1656608F00ECEB2A /* BaseFeature.m */; };
		DA44D0321656608F00ECEB2A /* BaseUser.m in Sources */ = {isa = PBXBuildFile; fileRef = DA44D01F1656608F00ECEB2A /* BaseUser.m */; };
		DA44D0331656608F00ECEB2A /* City.m in Sources */ = {isa = PBXBuildFile; fileRef = DA44D0211656608F00ECEB2A /* City.m */; };
		DA44D0341656608F00ECEB2A /* Enlargement.m in Sources */ = {isa = PBXBuildFile; fileRef = DA44D0231656608F00ECEB2A /* Enlargement.m */; };
		DA44D0351656608F00ECEB2A /* Expansion.m in Sources */ = {isa = PBXBuildFile; fileRef = DA44D0251656608F00ECEB2A /* Expansion.m */; };
		DA44D0361656608F00ECEB2A /* Feature.m in Sources */ = {isa = PBXBuildFile; fileRef = DA44D0271656608F00ECEB2A /* Feature.m */; };
		DA44D0371656608F00ECEB2A /* User.m in Sources */ = {isa = PBXBuildFile; fileRef = DA44D0291656608F00ECEB2A /* User.m */; };
		DA44D039165660A100ECEB2A /* data.plist in Resources */ = {isa = PBXBuildFile; fileRef = DA44D038165660A100ECEB2A /* data.plist */; };
		DA70E43E163FF33900645F6F /* AddBarViewController.m in Sources */ = {isa = PBXBuildFile; fileRef = DA70E43D163FF33900645F6F /* AddBarViewController.m */; };
		DAFF7554162D82F1001A9E0F /* UIKit.framework in Frameworks */ = {isa = PBXBuildFile; fileRef = DAFF7553162D82F1001A9E0F /* UIKit.framework */; };
		DAFF7556162D82F1001A9E0F /* Foundation.framework in Frameworks */ = {isa = PBXBuildFile; fileRef = DAFF7555162D82F1001A9E0F /* Foundation.framework */; };
		DAFF7558162D82F1001A9E0F /* CoreGraphics.framework in Frameworks */ = {isa = PBXBuildFile; fileRef = DAFF7557162D82F1001A9E0F /* CoreGraphics.framework */; };
		DAFF755E162D82F1001A9E0F /* InfoPlist.strings in Resources */ = {isa = PBXBuildFile; fileRef = DAFF755C162D82F1001A9E0F /* InfoPlist.strings */; };
		DAFF7560162D82F1001A9E0F /* main.m in Sources */ = {isa = PBXBuildFile; fileRef = DAFF755F162D82F1001A9E0F /* main.m */; };
		DAFF7564162D82F1001A9E0F /* AppDelegate.m in Sources */ = {isa = PBXBuildFile; fileRef = DAFF7563162D82F1001A9E0F /* AppDelegate.m */; };
		DAFF756D162D82F1001A9E0F /* MainStoryboard.storyboard in Resources */ = {isa = PBXBuildFile; fileRef = DAFF756B162D82F1001A9E0F /* MainStoryboard.storyboard */; };
		DAFF7570162D82F1001A9E0F /* LoginViewController.m in Sources */ = {isa = PBXBuildFile; fileRef = DAFF756F162D82F1001A9E0F /* LoginViewController.m */; };
		DAFF758C162D91EC001A9E0F /* DashboardViewController.m in Sources */ = {isa = PBXBuildFile; fileRef = DAFF758B162D91EC001A9E0F /* DashboardViewController.m */; };
/* End PBXBuildFile section */

/* Begin PBXFileReference section */
		23EE8D7293D74C4B899AE1E8 /* Pods.xcconfig */ = {isa = PBXFileReference; includeInIndex = 1; lastKnownFileType = text.xcconfig; name = Pods.xcconfig; path = Pods/Pods.xcconfig; sourceTree = SOURCE_ROOT; };
		3205749116314EBD00D33909 /* Social.framework */ = {isa = PBXFileReference; lastKnownFileType = wrapper.framework; name = Social.framework; path = System/Library/Frameworks/Social.framework; sourceTree = SDKROOT; };
		3205749416314EC200D33909 /* Accounts.framework */ = {isa = PBXFileReference; lastKnownFileType = wrapper.framework; name = Accounts.framework; path = System/Library/Frameworks/Accounts.framework; sourceTree = SDKROOT; };
		3205749616314EC900D33909 /* AdSupport.framework */ = {isa = PBXFileReference; lastKnownFileType = wrapper.framework; name = AdSupport.framework; path = System/Library/Frameworks/AdSupport.framework; sourceTree = SDKROOT; };
		322095D316392D8E000C70D9 /* RootTabBarController.h */ = {isa = PBXFileReference; fileEncoding = 4; lastKnownFileType = sourcecode.c.h; path = RootTabBarController.h; sourceTree = "<group>"; };
		322095D416392D8E000C70D9 /* RootTabBarController.m */ = {isa = PBXFileReference; fileEncoding = 4; lastKnownFileType = sourcecode.c.objc; path = RootTabBarController.m; sourceTree = "<group>"; };
		322095D716393493000C70D9 /* LocationManager.h */ = {isa = PBXFileReference; fileEncoding = 4; lastKnownFileType = sourcecode.c.h; path = LocationManager.h; sourceTree = "<group>"; };
		322095D816393493000C70D9 /* LocationManager.m */ = {isa = PBXFileReference; fileEncoding = 4; lastKnownFileType = sourcecode.c.objc; path = LocationManager.m; sourceTree = "<group>"; };
		325BDB1916552F77009664A3 /* bank_bg.png */ = {isa = PBXFileReference; lastKnownFileType = image.png; name = bank_bg.png; path = images/bank_bg.png; sourceTree = "<group>"; };
		325BDB1A16552F77009664A3 /* bank_bg@2x.png */ = {isa = PBXFileReference; lastKnownFileType = image.png; name = "bank_bg@2x.png"; path = "images/bank_bg@2x.png"; sourceTree = "<group>"; };
		327E8485163ECBC50009ABE2 /* BarIndexViewController.h */ = {isa = PBXFileReference; fileEncoding = 4; lastKnownFileType = sourcecode.c.h; path = BarIndexViewController.h; sourceTree = "<group>"; };
		327E8486163ECBC50009ABE2 /* BarIndexViewController.m */ = {isa = PBXFileReference; fileEncoding = 4; lastKnownFileType = sourcecode.c.objc; path = BarIndexViewController.m; sourceTree = "<group>"; };
		32B422A416668A640056F7F6 /* bar-features.png */ = {isa = PBXFileReference; lastKnownFileType = image.png; name = "bar-features.png"; path = "images/bar-features.png"; sourceTree = "<group>"; };
		32B422A516668A640056F7F6 /* bar-features@2x.png */ = {isa = PBXFileReference; lastKnownFileType = image.png; name = "bar-features@2x.png"; path = "images/bar-features@2x.png"; sourceTree = "<group>"; };
		32B422A616668A640056F7F6 /* bar-index.png */ = {isa = PBXFileReference; lastKnownFileType = image.png; name = "bar-index.png"; path = "images/bar-index.png"; sourceTree = "<group>"; };
		32B422A716668A640056F7F6 /* bar-index@2x.png */ = {isa = PBXFileReference; lastKnownFileType = image.png; name = "bar-index@2x.png"; path = "images/bar-index@2x.png"; sourceTree = "<group>"; };
		32B422A816668A640056F7F6 /* bar-view.png */ = {isa = PBXFileReference; lastKnownFileType = image.png; name = "bar-view.png"; path = "images/bar-view.png"; sourceTree = "<group>"; };
		32B422A916668A640056F7F6 /* bar-view@2x.png */ = {isa = PBXFileReference; lastKnownFileType = image.png; name = "bar-view@2x.png"; path = "images/bar-view@2x.png"; sourceTree = "<group>"; };
		8626067EA2604DB5841B937F /* libPods.a */ = {isa = PBXFileReference; explicitFileType = archive.ar; includeInIndex = 0; path = libPods.a; sourceTree = BUILT_PRODUCTS_DIR; };
		D9178F8016551CEA00505A23 /* AddFeatureViewController.h */ = {isa = PBXFileReference; fileEncoding = 4; lastKnownFileType = sourcecode.c.h; path = AddFeatureViewController.h; sourceTree = "<group>"; };
		D9178F8116551CEA00505A23 /* AddFeatureViewController.m */ = {isa = PBXFileReference; fileEncoding = 4; lastKnownFileType = sourcecode.c.objc; path = AddFeatureViewController.m; sourceTree = "<group>"; };
		D93061AC1637422700BB0B75 /* CoreLocation.framework */ = {isa = PBXFileReference; lastKnownFileType = wrapper.framework; name = CoreLocation.framework; path = System/Library/Frameworks/CoreLocation.framework; sourceTree = SDKROOT; };
		D971E370163A94C4003B53A3 /* BankViewController.h */ = {isa = PBXFileReference; fileEncoding = 4; lastKnownFileType = sourcecode.c.h; path = BankViewController.h; sourceTree = "<group>"; };
		D971E371163A94C4003B53A3 /* BankViewController.m */ = {isa = PBXFileReference; fileEncoding = 4; lastKnownFileType = sourcecode.c.objc; path = BankViewController.m; sourceTree = "<group>"; };
		DA02CE2E16315C7F0096E156 /* MobileCoreServices.framework */ = {isa = PBXFileReference; lastKnownFileType = wrapper.framework; name = MobileCoreServices.framework; path = System/Library/Frameworks/MobileCoreServices.framework; sourceTree = SDKROOT; };
		DA02CE3016315C870096E156 /* CoreData.framework */ = {isa = PBXFileReference; lastKnownFileType = wrapper.framework; name = CoreData.framework; path = System/Library/Frameworks/CoreData.framework; sourceTree = SDKROOT; };
		DA02CE3216315C9B0096E156 /* Security.framework */ = {isa = PBXFileReference; lastKnownFileType = wrapper.framework; name = Security.framework; path = System/Library/Frameworks/Security.framework; sourceTree = SDKROOT; };
		DA02CE3416315CAE0096E156 /* CFNetwork.framework */ = {isa = PBXFileReference; lastKnownFileType = wrapper.framework; name = CFNetwork.framework; path = System/Library/Frameworks/CFNetwork.framework; sourceTree = SDKROOT; };
		DA02CE3616315CBB0096E156 /* SystemConfiguration.framework */ = {isa = PBXFileReference; lastKnownFileType = wrapper.framework; name = SystemConfiguration.framework; path = System/Library/Frameworks/SystemConfiguration.framework; sourceTree = SDKROOT; };
		DA02CE3816315CC10096E156 /* QuartzCore.framework */ = {isa = PBXFileReference; lastKnownFileType = wrapper.framework; name = QuartzCore.framework; path = System/Library/Frameworks/QuartzCore.framework; sourceTree = SDKROOT; };
		DA02CE3A16315CC80096E156 /* libxml2.dylib */ = {isa = PBXFileReference; lastKnownFileType = "compiled.mach-o.dylib"; name = libxml2.dylib; path = usr/lib/libxml2.dylib; sourceTree = SDKROOT; };
		DA1DD691165512E5009BBE0F /* BarViewController.h */ = {isa = PBXFileReference; fileEncoding = 4; lastKnownFileType = sourcecode.c.h; path = BarViewController.h; sourceTree = "<group>"; };
		DA1DD692165512E5009BBE0F /* BarViewController.m */ = {isa = PBXFileReference; fileEncoding = 4; lastKnownFileType = sourcecode.c.objc; path = BarViewController.m; sourceTree = "<group>"; };
		DA1DD69B16551D87009BBE0F /* BarViewCell.h */ = {isa = PBXFileReference; fileEncoding = 4; lastKnownFileType = sourcecode.c.h; path = BarViewCell.h; sourceTree = "<group>"; };
		DA1DD69C16551D87009BBE0F /* BarViewCell.m */ = {isa = PBXFileReference; fileEncoding = 4; lastKnownFileType = sourcecode.c.objc; path = BarViewCell.m; sourceTree = "<group>"; };
		DA44CF8816565C6700ECEB2A /* DataModel.h */ = {isa = PBXFileReference; fileEncoding = 4; lastKnownFileType = sourcecode.c.h; path = DataModel.h; sourceTree = "<group>"; };
		DA44CF8916565C6700ECEB2A /* DataModel.m */ = {isa = PBXFileReference; fileEncoding = 4; lastKnownFileType = sourcecode.c.objc; path = DataModel.m; sourceTree = "<group>"; };
		DA44CF9C16565FF200ECEB2A /* beers.png */ = {isa = PBXFileReference; lastKnownFileType = image.png; name = beers.png; path = images/icons/beers.png; sourceTree = "<group>"; };
		DA44CF9D16565FF200ECEB2A /* beers@2x.png */ = {isa = PBXFileReference; lastKnownFileType = image.png; name = "beers@2x.png"; path = "images/icons/beers@2x.png"; sourceTree = "<group>"; };
		DA44CF9E16565FF200ECEB2A /* bier.png */ = {isa = PBXFileReference; lastKnownFileType = image.png; name = bier.png; path = images/icons/bier.png; sourceTree = "<group>"; };
		DA44CF9F16565FF200ECEB2A /* bier@2x.png */ = {isa = PBXFileReference; lastKnownFileType = image.png; name = "bier@2x.png"; path = "images/icons/bier@2x.png"; sourceTree = "<group>"; };
		DA44CFA016565FF200ECEB2A /* chicken.png */ = {isa = PBXFileReference; lastKnownFileType = image.png; name = chicken.png; path = images/icons/chicken.png; sourceTree = "<group>"; };
		DA44CFA116565FF200ECEB2A /* chicken@2x.png */ = {isa = PBXFileReference; lastKnownFileType = image.png; name = "chicken@2x.png"; path = "images/icons/chicken@2x.png"; sourceTree = "<group>"; };
		DA44CFA216565FF200ECEB2A /* cocktail.png */ = {isa = PBXFileReference; lastKnownFileType = image.png; name = cocktail.png; path = images/icons/cocktail.png; sourceTree = "<group>"; };
		DA44CFA316565FF200ECEB2A /* cocktail@2x.png */ = {isa = PBXFileReference; lastKnownFileType = image.png; name = "cocktail@2x.png"; path = "images/icons/cocktail@2x.png"; sourceTree = "<group>"; };
		DA44CFA416565FF200ECEB2A /* coffee.png */ = {isa = PBXFileReference; lastKnownFileType = image.png; name = coffee.png; path = images/icons/coffee.png; sourceTree = "<group>"; };
		DA44CFA516565FF200ECEB2A /* coffee@2x.png */ = {isa = PBXFileReference; lastKnownFileType = image.png; name = "coffee@2x.png"; path = "images/icons/coffee@2x.png"; sourceTree = "<group>"; };
		DA44CFA616565FF200ECEB2A /* computer.png */ = {isa = PBXFileReference; lastKnownFileType = image.png; name = computer.png; path = images/icons/computer.png; sourceTree = "<group>"; };
		DA44CFA716565FF200ECEB2A /* computer@2x.png */ = {isa = PBXFileReference; lastKnownFileType = image.png; name = "computer@2x.png"; path = "images/icons/computer@2x.png"; sourceTree = "<group>"; };
		DA44CFA816565FF200ECEB2A /* doorguy.png */ = {isa = PBXFileReference; lastKnownFileType = image.png; name = doorguy.png; path = images/icons/doorguy.png; sourceTree = "<group>"; };
		DA44CFA916565FF200ECEB2A /* doorguy@2x.png */ = {isa = PBXFileReference; lastKnownFileType = image.png; name = "doorguy@2x.png"; path = "images/icons/doorguy@2x.png"; sourceTree = "<group>"; };
		DA44CFAA16565FF200ECEB2A /* extra_verdieping.png */ = {isa = PBXFileReference; lastKnownFileType = image.png; name = extra_verdieping.png; path = images/icons/extra_verdieping.png; sourceTree = "<group>"; };
		DA44CFAB16565FF200ECEB2A /* extra_verdieping@2x.png */ = {isa = PBXFileReference; lastKnownFileType = image.png; name = "extra_verdieping@2x.png"; path = "images/icons/extra_verdieping@2x.png"; sourceTree = "<group>"; };
		DA44CFAC16565FF300ECEB2A /* frisdrank.png */ = {isa = PBXFileReference; lastKnownFileType = image.png; name = frisdrank.png; path = images/icons/frisdrank.png; sourceTree = "<group>"; };
		DA44CFAD16565FF300ECEB2A /* frisdrank@2x.png */ = {isa = PBXFileReference; lastKnownFileType = image.png; name = "frisdrank@2x.png"; path = "images/icons/frisdrank@2x.png"; sourceTree = "<group>"; };
		DA44CFAE16565FF300ECEB2A /* icon-57.png */ = {isa = PBXFileReference; lastKnownFileType = image.png; name = "icon-57.png"; path = "images/icons/icon-57.png"; sourceTree = "<group>"; };
		DA44CFAF16565FF300ECEB2A /* icon-57@2x.png */ = {isa = PBXFileReference; lastKnownFileType = image.png; name = "icon-57@2x.png"; path = "images/icons/icon-57@2x.png"; sourceTree = "<group>"; };
		DA44CFB016565FF300ECEB2A /* icon-114.png */ = {isa = PBXFileReference; lastKnownFileType = image.png; name = "icon-114.png"; path = "images/icons/icon-114.png"; sourceTree = "<group>"; };
		DA44CFB116565FF300ECEB2A /* icon-114@2x.png */ = {isa = PBXFileReference; lastKnownFileType = image.png; name = "icon-114@2x.png"; path = "images/icons/icon-114@2x.png"; sourceTree = "<group>"; };
		DA44CFB216565FF300ECEB2A /* iconmonstr-details-large-view-icon.png */ = {isa = PBXFileReference; lastKnownFileType = image.png; name = "iconmonstr-details-large-view-icon.png"; path = "images/icons/iconmonstr-details-large-view-icon.png"; sourceTree = "<group>"; };
		DA44CFB316565FF300ECEB2A /* iconmonstr-details-large-view-icon@2x.png */ = {isa = PBXFileReference; lastKnownFileType = image.png; name = "iconmonstr-details-large-view-icon@2x.png"; path = "images/icons/iconmonstr-details-large-view-icon@2x.png"; sourceTree = "<group>"; };
		DA44CFB416565FF300ECEB2A /* iconmonstr-home-icon.png */ = {isa = PBXFileReference; lastKnownFileType = image.png; name = "iconmonstr-home-icon.png"; path = "images/icons/iconmonstr-home-icon.png"; sourceTree = "<group>"; };
		DA44CFB516565FF300ECEB2A /* iconmonstr-home-icon@2x.png */ = {isa = PBXFileReference; lastKnownFileType = image.png; name = "iconmonstr-home-icon@2x.png"; path = "images/icons/iconmonstr-home-icon@2x.png"; sourceTree = "<group>"; };
		DA44CFB616565FF300ECEB2A /* iconmonstr-line-chart-icon.png */ = {isa = PBXFileReference; lastKnownFileType = image.png; name = "iconmonstr-line-chart-icon.png"; path = "images/icons/iconmonstr-line-chart-icon.png"; sourceTree = "<group>"; };
		DA44CFB716565FF300ECEB2A /* iconmonstr-line-chart-icon@2x.png */ = {isa = PBXFileReference; lastKnownFileType = image.png; name = "iconmonstr-line-chart-icon@2x.png"; path = "images/icons/iconmonstr-line-chart-icon@2x.png"; sourceTree = "<group>"; };
		DA44CFB816565FF300ECEB2A /* led.png */ = {isa = PBXFileReference; lastKnownFileType = image.png; name = led.png; path = images/icons/led.png; sourceTree = "<group>"; };
		DA44CFB916565FF300ECEB2A /* led@2x.png */ = {isa = PBXFileReference; lastKnownFileType = image.png; name = "led@2x.png"; path = "images/icons/led@2x.png"; sourceTree = "<group>"; };
		DA44CFBA16565FF300ECEB2A /* pizza.png */ = {isa = PBXFileReference; lastKnownFileType = image.png; name = pizza.png; path = images/icons/pizza.png; sourceTree = "<group>"; };
		DA44CFBB16565FF300ECEB2A /* pizza@2x.png */ = {isa = PBXFileReference; lastKnownFileType = image.png; name = "pizza@2x.png"; path = "images/icons/pizza@2x.png"; sourceTree = "<group>"; };
		DA44CFBC16565FF300ECEB2A /* pooltafel.png */ = {isa = PBXFileReference; lastKnownFileType = image.png; name = pooltafel.png; path = images/icons/pooltafel.png; sourceTree = "<group>"; };
		DA44CFBD16565FF300ECEB2A /* pooltafel@2x.png */ = {isa = PBXFileReference; lastKnownFileType = image.png; name = "pooltafel@2x.png"; path = "images/icons/pooltafel@2x.png"; sourceTree = "<group>"; };
		DA44CFBE16565FF300ECEB2A /* salade.png */ = {isa = PBXFileReference; lastKnownFileType = image.png; name = salade.png; path = images/icons/salade.png; sourceTree = "<group>"; };
		DA44CFBF16565FF300ECEB2A /* salade@2x.png */ = {isa = PBXFileReference; lastKnownFileType = image.png; name = "salade@2x.png"; path = "images/icons/salade@2x.png"; sourceTree = "<group>"; };
		DA44CFC016565FF300ECEB2A /* stripster-2.png */ = {isa = PBXFileReference; lastKnownFileType = image.png; name = "stripster-2.png"; path = "images/icons/stripster-2.png"; sourceTree = "<group>"; };
		DA44CFC116565FF300ECEB2A /* stripster-2@2x.png */ = {isa = PBXFileReference; lastKnownFileType = image.png; name = "stripster-2@2x.png"; path = "images/icons/stripster-2@2x.png"; sourceTree = "<group>"; };
		DA44CFC216565FF300ECEB2A /* stripster.png */ = {isa = PBXFileReference; lastKnownFileType = image.png; name = stripster.png; path = images/icons/stripster.png; sourceTree = "<group>"; };
		DA44CFC316565FF300ECEB2A /* stripster@2x.png */ = {isa = PBXFileReference; lastKnownFileType = image.png; name = "stripster@2x.png"; path = "images/icons/stripster@2x.png"; sourceTree = "<group>"; };
		DA44CFC416565FF300ECEB2A /* terras.png */ = {isa = PBXFileReference; lastKnownFileType = image.png; name = terras.png; path = images/icons/terras.png; sourceTree = "<group>"; };
		DA44CFC516565FF300ECEB2A /* terras@2x.png */ = {isa = PBXFileReference; lastKnownFileType = image.png; name = "terras@2x.png"; path = "images/icons/terras@2x.png"; sourceTree = "<group>"; };
		DA44CFC616565FF300ECEB2A /* toevoegen.png */ = {isa = PBXFileReference; lastKnownFileType = image.png; name = toevoegen.png; path = images/icons/toevoegen.png; sourceTree = "<group>"; };
		DA44CFC716565FF300ECEB2A /* toevoegen@2x.png */ = {isa = PBXFileReference; lastKnownFileType = image.png; name = "toevoegen@2x.png"; path = "images/icons/toevoegen@2x.png"; sourceTree = "<group>"; };
		DA44CFC816565FF300ECEB2A /* uitsmijter-2.png */ = {isa = PBXFileReference; lastKnownFileType = image.png; name = "uitsmijter-2.png"; path = "images/icons/uitsmijter-2.png"; sourceTree = "<group>"; };
		DA44CFC916565FF300ECEB2A /* uitsmijter-2@2x.png */ = {isa = PBXFileReference; lastKnownFileType = image.png; name = "uitsmijter-2@2x.png"; path = "images/icons/uitsmijter-2@2x.png"; sourceTree = "<group>"; };
		DA44CFCA16565FF300ECEB2A /* wifi.png */ = {isa = PBXFileReference; lastKnownFileType = image.png; name = wifi.png; path = images/icons/wifi.png; sourceTree = "<group>"; };
		DA44CFCB16565FF300ECEB2A /* wifi@2x.png */ = {isa = PBXFileReference; lastKnownFileType = image.png; name = "wifi@2x.png"; path = "images/icons/wifi@2x.png"; sourceTree = "<group>"; };
		DA44CFFC1656605000ECEB2A /* bar.jpg */ = {isa = PBXFileReference; lastKnownFileType = image.jpeg; name = bar.jpg; path = images/bar.jpg; sourceTree = "<group>"; };
		DA44CFFD1656605000ECEB2A /* bar@2x.jpg */ = {isa = PBXFileReference; lastKnownFileType = image.jpeg; name = "bar@2x.jpg"; path = "images/bar@2x.jpg"; sourceTree = "<group>"; };
		DA44CFFE1656605000ECEB2A /* Default-568h@2x.png */ = {isa = PBXFileReference; lastKnownFileType = image.png; name = "Default-568h@2x.png"; path = "images/Default-568h@2x.png"; sourceTree = "<group>"; };
		DA44CFFF1656605000ECEB2A /* Default.png */ = {isa = PBXFileReference; lastKnownFileType = image.png; name = Default.png; path = images/Default.png; sourceTree = "<group>"; };
		DA44D0001656605000ECEB2A /* Default@2x.png */ = {isa = PBXFileReference; lastKnownFileType = image.png; name = "Default@2x.png"; path = "images/Default@2x.png"; sourceTree = "<group>"; };
		DA44D0011656605000ECEB2A /* facebook-connect-button.png */ = {isa = PBXFileReference; lastKnownFileType = image.png; name = "facebook-connect-button.png"; path = "images/facebook-connect-button.png"; sourceTree = "<group>"; };
		DA44D0021656605000ECEB2A /* facebook-connect-button@2x.png */ = {isa = PBXFileReference; lastKnownFileType = image.png; name = "facebook-connect-button@2x.png"; path = "images/facebook-connect-button@2x.png"; sourceTree = "<group>"; };
		DA44D0031656605000ECEB2A /* logo.png */ = {isa = PBXFileReference; lastKnownFileType = image.png; name = logo.png; path = images/logo.png; sourceTree = "<group>"; };
		DA44D0041656605000ECEB2A /* logo@2x.png */ = {isa = PBXFileReference; lastKnownFileType = image.png; name = "logo@2x.png"; path = "images/logo@2x.png"; sourceTree = "<group>"; };
		DA44D00E1656608F00ECEB2A /* BankTransaction.h */ = {isa = PBXFileReference; fileEncoding = 4; lastKnownFileType = sourcecode.c.h; name = BankTransaction.h; path = barmanager/models/BankTransaction.h; sourceTree = "<group>"; };
		DA44D00F1656608F00ECEB2A /* BankTransaction.m */ = {isa = PBXFileReference; fileEncoding = 4; lastKnownFileType = sourcecode.c.objc; name = BankTransaction.m; path = barmanager/models/BankTransaction.m; sourceTree = "<group>"; };
		DA44D0101656608F00ECEB2A /* Bar.h */ = {isa = PBXFileReference; fileEncoding = 4; lastKnownFileType = sourcecode.c.h; name = Bar.h; path = barmanager/models/Bar.h; sourceTree = "<group>"; };
		DA44D0111656608F00ECEB2A /* Bar.m */ = {isa = PBXFileReference; fileEncoding = 4; lastKnownFileType = sourcecode.c.objc; name = Bar.m; path = barmanager/models/Bar.m; sourceTree = "<group>"; };
		DA44D0121656608F00ECEB2A /* BaseBankTransaction.h */ = {isa = PBXFileReference; fileEncoding = 4; lastKnownFileType = sourcecode.c.h; name = BaseBankTransaction.h; path = barmanager/models/BaseBankTransaction.h; sourceTree = "<group>"; };
		DA44D0131656608F00ECEB2A /* BaseBankTransaction.m */ = {isa = PBXFileReference; fileEncoding = 4; lastKnownFileType = sourcecode.c.objc; name = BaseBankTransaction.m; path = barmanager/models/BaseBankTransaction.m; sourceTree = "<group>"; };
		DA44D0141656608F00ECEB2A /* BaseBar.h */ = {isa = PBXFileReference; fileEncoding = 4; lastKnownFileType = sourcecode.c.h; name = BaseBar.h; path = barmanager/models/BaseBar.h; sourceTree = "<group>"; };
		DA44D0151656608F00ECEB2A /* BaseBar.m */ = {isa = PBXFileReference; fileEncoding = 4; lastKnownFileType = sourcecode.c.objc; name = BaseBar.m; path = barmanager/models/BaseBar.m; sourceTree = "<group>"; };
		DA44D0161656608F00ECEB2A /* BaseCity.h */ = {isa = PBXFileReference; fileEncoding = 4; lastKnownFileType = sourcecode.c.h; name = BaseCity.h; path = barmanager/models/BaseCity.h; sourceTree = "<group>"; };
		DA44D0171656608F00ECEB2A /* BaseCity.m */ = {isa = PBXFileReference; fileEncoding = 4; lastKnownFileType = sourcecode.c.objc; name = BaseCity.m; path = barmanager/models/BaseCity.m; sourceTree = "<group>"; };
		DA44D0181656608F00ECEB2A /* BaseEnlargement.h */ = {isa = PBXFileReference; fileEncoding = 4; lastKnownFileType = sourcecode.c.h; name = BaseEnlargement.h; path = barmanager/models/BaseEnlargement.h; sourceTree = "<group>"; };
		DA44D0191656608F00ECEB2A /* BaseEnlargement.m */ = {isa = PBXFileReference; fileEncoding = 4; lastKnownFileType = sourcecode.c.objc; name = BaseEnlargement.m; path = barmanager/models/BaseEnlargement.m; sourceTree = "<group>"; };
		DA44D01A1656608F00ECEB2A /* BaseExpansion.h */ = {isa = PBXFileReference; fileEncoding = 4; lastKnownFileType = sourcecode.c.h; name = BaseExpansion.h; path = barmanager/models/BaseExpansion.h; sourceTree = "<group>"; };
		DA44D01B1656608F00ECEB2A /* BaseExpansion.m */ = {isa = PBXFileReference; fileEncoding = 4; lastKnownFileType = sourcecode.c.objc; name = BaseExpansion.m; path = barmanager/models/BaseExpansion.m; sourceTree = "<group>"; };
		DA44D01C1656608F00ECEB2A /* BaseFeature.h */ = {isa = PBXFileReference; fileEncoding = 4; lastKnownFileType = sourcecode.c.h; name = BaseFeature.h; path = barmanager/models/BaseFeature.h; sourceTree = "<group>"; };
		DA44D01D1656608F00ECEB2A /* BaseFeature.m */ = {isa = PBXFileReference; fileEncoding = 4; lastKnownFileType = sourcecode.c.objc; name = BaseFeature.m; path = barmanager/models/BaseFeature.m; sourceTree = "<group>"; };
		DA44D01E1656608F00ECEB2A /* BaseUser.h */ = {isa = PBXFileReference; fileEncoding = 4; lastKnownFileType = sourcecode.c.h; name = BaseUser.h; path = barmanager/models/BaseUser.h; sourceTree = "<group>"; };
		DA44D01F1656608F00ECEB2A /* BaseUser.m */ = {isa = PBXFileReference; fileEncoding = 4; lastKnownFileType = sourcecode.c.objc; name = BaseUser.m; path = barmanager/models/BaseUser.m; sourceTree = "<group>"; };
		DA44D0201656608F00ECEB2A /* City.h */ = {isa = PBXFileReference; fileEncoding = 4; lastKnownFileType = sourcecode.c.h; name = City.h; path = barmanager/models/City.h; sourceTree = "<group>"; };
		DA44D0211656608F00ECEB2A /* City.m */ = {isa = PBXFileReference; fileEncoding = 4; lastKnownFileType = sourcecode.c.objc; name = City.m; path = barmanager/models/City.m; sourceTree = "<group>"; };
		DA44D0221656608F00ECEB2A /* Enlargement.h */ = {isa = PBXFileReference; fileEncoding = 4; lastKnownFileType = sourcecode.c.h; name = Enlargement.h; path = barmanager/models/Enlargement.h; sourceTree = "<group>"; };
		DA44D0231656608F00ECEB2A /* Enlargement.m */ = {isa = PBXFileReference; fileEncoding = 4; lastKnownFileType = sourcecode.c.objc; name = Enlargement.m; path = barmanager/models/Enlargement.m; sourceTree = "<group>"; };
		DA44D0241656608F00ECEB2A /* Expansion.h */ = {isa = PBXFileReference; fileEncoding = 4; lastKnownFileType = sourcecode.c.h; name = Expansion.h; path = barmanager/models/Expansion.h; sourceTree = "<group>"; };
		DA44D0251656608F00ECEB2A /* Expansion.m */ = {isa = PBXFileReference; fileEncoding = 4; lastKnownFileType = sourcecode.c.objc; name = Expansion.m; path = barmanager/models/Expansion.m; sourceTree = "<group>"; };
		DA44D0261656608F00ECEB2A /* Feature.h */ = {isa = PBXFileReference; fileEncoding = 4; lastKnownFileType = sourcecode.c.h; name = Feature.h; path = barmanager/models/Feature.h; sourceTree = "<group>"; };
		DA44D0271656608F00ECEB2A /* Feature.m */ = {isa = PBXFileReference; fileEncoding = 4; lastKnownFileType = sourcecode.c.objc; name = Feature.m; path = barmanager/models/Feature.m; sourceTree = "<group>"; };
		DA44D0281656608F00ECEB2A /* User.h */ = {isa = PBXFileReference; fileEncoding = 4; lastKnownFileType = sourcecode.c.h; name = User.h; path = barmanager/models/User.h; sourceTree = "<group>"; };
		DA44D0291656608F00ECEB2A /* User.m */ = {isa = PBXFileReference; fileEncoding = 4; lastKnownFileType = sourcecode.c.objc; name = User.m; path = barmanager/models/User.m; sourceTree = "<group>"; };
		DA44D038165660A100ECEB2A /* data.plist */ = {isa = PBXFileReference; fileEncoding = 4; lastKnownFileType = text.plist.xml; path = data.plist; sourceTree = "<group>"; };
		DA70E43C163FF33900645F6F /* AddBarViewController.h */ = {isa = PBXFileReference; fileEncoding = 4; lastKnownFileType = sourcecode.c.h; path = AddBarViewController.h; sourceTree = "<group>"; };
		DA70E43D163FF33900645F6F /* AddBarViewController.m */ = {isa = PBXFileReference; fileEncoding = 4; lastKnownFileType = sourcecode.c.objc; path = AddBarViewController.m; sourceTree = "<group>"; };
		DAFF754F162D82F1001A9E0F /* barmanager.app */ = {isa = PBXFileReference; explicitFileType = wrapper.application; includeInIndex = 0; path = barmanager.app; sourceTree = BUILT_PRODUCTS_DIR; };
		DAFF7553162D82F1001A9E0F /* UIKit.framework */ = {isa = PBXFileReference; includeInIndex = 1; lastKnownFileType = wrapper.framework; name = UIKit.framework; path = System/Library/Frameworks/UIKit.framework; sourceTree = SDKROOT; };
		DAFF7555162D82F1001A9E0F /* Foundation.framework */ = {isa = PBXFileReference; includeInIndex = 1; lastKnownFileType = wrapper.framework; name = Foundation.framework; path = System/Library/Frameworks/Foundation.framework; sourceTree = SDKROOT; };
		DAFF7557162D82F1001A9E0F /* CoreGraphics.framework */ = {isa = PBXFileReference; includeInIndex = 1; lastKnownFileType = wrapper.framework; name = CoreGraphics.framework; path = System/Library/Frameworks/CoreGraphics.framework; sourceTree = SDKROOT; };
		DAFF755B162D82F1001A9E0F /* barmanager-Info.plist */ = {isa = PBXFileReference; lastKnownFileType = text.plist.xml; path = "barmanager-Info.plist"; sourceTree = "<group>"; };
		DAFF755D162D82F1001A9E0F /* en */ = {isa = PBXFileReference; lastKnownFileType = text.plist.strings; name = en; path = en.lproj/InfoPlist.strings; sourceTree = "<group>"; };
		DAFF755F162D82F1001A9E0F /* main.m */ = {isa = PBXFileReference; lastKnownFileType = sourcecode.c.objc; path = main.m; sourceTree = "<group>"; };
		DAFF7561162D82F1001A9E0F /* barmanager-Prefix.pch */ = {isa = PBXFileReference; lastKnownFileType = sourcecode.c.h; path = "barmanager-Prefix.pch"; sourceTree = "<group>"; };
		DAFF7562162D82F1001A9E0F /* AppDelegate.h */ = {isa = PBXFileReference; lastKnownFileType = sourcecode.c.h; path = AppDelegate.h; sourceTree = "<group>"; };
		DAFF7563162D82F1001A9E0F /* AppDelegate.m */ = {isa = PBXFileReference; lastKnownFileType = sourcecode.c.objc; path = AppDelegate.m; sourceTree = "<group>"; };
		DAFF756C162D82F1001A9E0F /* en */ = {isa = PBXFileReference; lastKnownFileType = file.storyboard; name = en; path = en.lproj/MainStoryboard.storyboard; sourceTree = "<group>"; };
		DAFF756E162D82F1001A9E0F /* LoginViewController.h */ = {isa = PBXFileReference; lastKnownFileType = sourcecode.c.h; path = LoginViewController.h; sourceTree = "<group>"; };
		DAFF756F162D82F1001A9E0F /* LoginViewController.m */ = {isa = PBXFileReference; lastKnownFileType = sourcecode.c.objc; path = LoginViewController.m; sourceTree = "<group>"; };
		DAFF758A162D91EC001A9E0F /* DashboardViewController.h */ = {isa = PBXFileReference; fileEncoding = 4; lastKnownFileType = sourcecode.c.h; path = DashboardViewController.h; sourceTree = "<group>"; };
		DAFF758B162D91EC001A9E0F /* DashboardViewController.m */ = {isa = PBXFileReference; fileEncoding = 4; lastKnownFileType = sourcecode.c.objc; path = DashboardViewController.m; sourceTree = "<group>"; };
/* End PBXFileReference section */

/* Begin PBXFrameworksBuildPhase section */
		DAFF754C162D82F1001A9E0F /* Frameworks */ = {
			isa = PBXFrameworksBuildPhase;
			buildActionMask = 2147483647;
			files = (
				D93061AD1637422700BB0B75 /* CoreLocation.framework in Frameworks */,
				DA02CE3B16315CC80096E156 /* libxml2.dylib in Frameworks */,
				DA02CE3916315CC10096E156 /* QuartzCore.framework in Frameworks */,
				DA02CE3716315CBB0096E156 /* SystemConfiguration.framework in Frameworks */,
				DA02CE3516315CAE0096E156 /* CFNetwork.framework in Frameworks */,
				DA02CE3316315C9B0096E156 /* Security.framework in Frameworks */,
				DA02CE2F16315C7F0096E156 /* MobileCoreServices.framework in Frameworks */,
				DA02CE3116315C870096E156 /* CoreData.framework in Frameworks */,
				3205749716314EC900D33909 /* AdSupport.framework in Frameworks */,
				3205749516314EC200D33909 /* Accounts.framework in Frameworks */,
				3205749216314EBD00D33909 /* Social.framework in Frameworks */,
				DAFF7554162D82F1001A9E0F /* UIKit.framework in Frameworks */,
				DAFF7556162D82F1001A9E0F /* Foundation.framework in Frameworks */,
				DAFF7558162D82F1001A9E0F /* CoreGraphics.framework in Frameworks */,
				09ECC0EA0BAD47608C81E677 /* libPods.a in Frameworks */,
			);
			runOnlyForDeploymentPostprocessing = 0;
		};
/* End PBXFrameworksBuildPhase section */

/* Begin PBXGroup section */
		DA02CE3C163182C60096E156 /* Models */ = {
			isa = PBXGroup;
			children = (
				DA44D0121656608F00ECEB2A /* BaseBankTransaction.h */,
				DA44D0131656608F00ECEB2A /* BaseBankTransaction.m */,
				DA44D00E1656608F00ECEB2A /* BankTransaction.h */,
				DA44D00F1656608F00ECEB2A /* BankTransaction.m */,
				DA44D0141656608F00ECEB2A /* BaseBar.h */,
				DA44D0151656608F00ECEB2A /* BaseBar.m */,
				DA44D0101656608F00ECEB2A /* Bar.h */,
				DA44D0111656608F00ECEB2A /* Bar.m */,
				DA44D0121656608F00ECEB2A /* BaseBankTransaction.h */,
				DA44D0131656608F00ECEB2A /* BaseBankTransaction.m */,
				DA44D0141656608F00ECEB2A /* BaseBar.h */,
				DA44D0151656608F00ECEB2A /* BaseBar.m */,
				DA44D0161656608F00ECEB2A /* BaseCity.h */,
				DA44D0171656608F00ECEB2A /* BaseCity.m */,
				DA44D0201656608F00ECEB2A /* City.h */,
				DA44D0211656608F00ECEB2A /* City.m */,
				DA44D0181656608F00ECEB2A /* BaseEnlargement.h */,
				DA44D0191656608F00ECEB2A /* BaseEnlargement.m */,
				DA44D0221656608F00ECEB2A /* Enlargement.h */,
				DA44D0231656608F00ECEB2A /* Enlargement.m */,
				DA44D01A1656608F00ECEB2A /* BaseExpansion.h */,
				DA44D01B1656608F00ECEB2A /* BaseExpansion.m */,
				DA44D0241656608F00ECEB2A /* Expansion.h */,
				DA44D0251656608F00ECEB2A /* Expansion.m */,
				DA44D01C1656608F00ECEB2A /* BaseFeature.h */,
				DA44D01D1656608F00ECEB2A /* BaseFeature.m */,
				DA44D0261656608F00ECEB2A /* Feature.h */,
				DA44D0271656608F00ECEB2A /* Feature.m */,
				DA44D01E1656608F00ECEB2A /* BaseUser.h */,
				DA44D01F1656608F00ECEB2A /* BaseUser.m */,
				DA44D0201656608F00ECEB2A /* City.h */,
				DA44D0211656608F00ECEB2A /* City.m */,
				DA44D0221656608F00ECEB2A /* Enlargement.h */,
				DA44D0231656608F00ECEB2A /* Enlargement.m */,
				DA44D0241656608F00ECEB2A /* Expansion.h */,
				DA44D0251656608F00ECEB2A /* Expansion.m */,
				DA44D0261656608F00ECEB2A /* Feature.h */,
				DA44D0271656608F00ECEB2A /* Feature.m */,
				DA44D0281656608F00ECEB2A /* User.h */,
				DA44D0291656608F00ECEB2A /* User.m */,
			);
			name = Models;
			sourceTree = "<group>";
		};
		DA1DD69E165536B9009BBE0F /* Icons */ = {
			isa = PBXGroup;
			children = (
				DA44CF9C16565FF200ECEB2A /* beers.png */,
				DA44CF9D16565FF200ECEB2A /* beers@2x.png */,
				DA44CF9E16565FF200ECEB2A /* bier.png */,
				DA44CF9F16565FF200ECEB2A /* bier@2x.png */,
				DA44CFA016565FF200ECEB2A /* chicken.png */,
				DA44CFA116565FF200ECEB2A /* chicken@2x.png */,
				DA44CFA216565FF200ECEB2A /* cocktail.png */,
				DA44CFA316565FF200ECEB2A /* cocktail@2x.png */,
				DA44CFA416565FF200ECEB2A /* coffee.png */,
				DA44CFA516565FF200ECEB2A /* coffee@2x.png */,
				DA44CFA616565FF200ECEB2A /* computer.png */,
				DA44CFA716565FF200ECEB2A /* computer@2x.png */,
				DA44CFA816565FF200ECEB2A /* doorguy.png */,
				DA44CFA916565FF200ECEB2A /* doorguy@2x.png */,
				DA44CFAA16565FF200ECEB2A /* extra_verdieping.png */,
				DA44CFAB16565FF200ECEB2A /* extra_verdieping@2x.png */,
				DA44CFAC16565FF300ECEB2A /* frisdrank.png */,
				DA44CFAD16565FF300ECEB2A /* frisdrank@2x.png */,
				DA44CFAE16565FF300ECEB2A /* icon-57.png */,
				DA44CFAF16565FF300ECEB2A /* icon-57@2x.png */,
				DA44CFB016565FF300ECEB2A /* icon-114.png */,
				DA44CFB116565FF300ECEB2A /* icon-114@2x.png */,
				DA44CFB216565FF300ECEB2A /* iconmonstr-details-large-view-icon.png */,
				DA44CFB316565FF300ECEB2A /* iconmonstr-details-large-view-icon@2x.png */,
				DA44CFB416565FF300ECEB2A /* iconmonstr-home-icon.png */,
				DA44CFB516565FF300ECEB2A /* iconmonstr-home-icon@2x.png */,
				DA44CFB616565FF300ECEB2A /* iconmonstr-line-chart-icon.png */,
				DA44CFB716565FF300ECEB2A /* iconmonstr-line-chart-icon@2x.png */,
				DA44CFB816565FF300ECEB2A /* led.png */,
				DA44CFB916565FF300ECEB2A /* led@2x.png */,
				DA44CFBA16565FF300ECEB2A /* pizza.png */,
				DA44CFBB16565FF300ECEB2A /* pizza@2x.png */,
				DA44CFBC16565FF300ECEB2A /* pooltafel.png */,
				DA44CFBD16565FF300ECEB2A /* pooltafel@2x.png */,
				DA44CFBE16565FF300ECEB2A /* salade.png */,
				DA44CFBF16565FF300ECEB2A /* salade@2x.png */,
				DA44CFC016565FF300ECEB2A /* stripster-2.png */,
				DA44CFC116565FF300ECEB2A /* stripster-2@2x.png */,
				DA44CFC216565FF300ECEB2A /* stripster.png */,
				DA44CFC316565FF300ECEB2A /* stripster@2x.png */,
				DA44CFC416565FF300ECEB2A /* terras.png */,
				DA44CFC516565FF300ECEB2A /* terras@2x.png */,
				DA44CFC616565FF300ECEB2A /* toevoegen.png */,
				DA44CFC716565FF300ECEB2A /* toevoegen@2x.png */,
				DA44CFC816565FF300ECEB2A /* uitsmijter-2.png */,
				DA44CFC916565FF300ECEB2A /* uitsmijter-2@2x.png */,
				DA44CFCA16565FF300ECEB2A /* wifi.png */,
				DA44CFCB16565FF300ECEB2A /* wifi@2x.png */,
			);
			name = Icons;
			sourceTree = "<group>";
		};
		DAFF7544162D82F1001A9E0F = {
			isa = PBXGroup;
			children = (
				DAFF7559162D82F1001A9E0F /* barmanager */,
				DA02CE3C163182C60096E156 /* Models */,
				DAFF7552162D82F1001A9E0F /* Frameworks */,
				DAFF7550162D82F1001A9E0F /* Products */,
				23EE8D7293D74C4B899AE1E8 /* Pods.xcconfig */,
			);
			sourceTree = "<group>";
		};
		DAFF7550162D82F1001A9E0F /* Products */ = {
			isa = PBXGroup;
			children = (
				DAFF754F162D82F1001A9E0F /* barmanager.app */,
			);
			name = Products;
			sourceTree = "<group>";
		};
		DAFF7552162D82F1001A9E0F /* Frameworks */ = {
			isa = PBXGroup;
			children = (
				D93061AC1637422700BB0B75 /* CoreLocation.framework */,
				DA02CE3A16315CC80096E156 /* libxml2.dylib */,
				DA02CE3816315CC10096E156 /* QuartzCore.framework */,
				DA02CE3616315CBB0096E156 /* SystemConfiguration.framework */,
				DA02CE3416315CAE0096E156 /* CFNetwork.framework */,
				DA02CE3216315C9B0096E156 /* Security.framework */,
				DA02CE3016315C870096E156 /* CoreData.framework */,
				DA02CE2E16315C7F0096E156 /* MobileCoreServices.framework */,
				3205749616314EC900D33909 /* AdSupport.framework */,
				3205749416314EC200D33909 /* Accounts.framework */,
				3205749116314EBD00D33909 /* Social.framework */,
				DAFF7553162D82F1001A9E0F /* UIKit.framework */,
				DAFF7555162D82F1001A9E0F /* Foundation.framework */,
				DAFF7557162D82F1001A9E0F /* CoreGraphics.framework */,
				8626067EA2604DB5841B937F /* libPods.a */,
			);
			name = Frameworks;
			sourceTree = "<group>";
		};
		DAFF7559162D82F1001A9E0F /* barmanager */ = {
			isa = PBXGroup;
			children = (
				DAFF7562162D82F1001A9E0F /* AppDelegate.h */,
				DAFF7563162D82F1001A9E0F /* AppDelegate.m */,
				DAFF756B162D82F1001A9E0F /* MainStoryboard.storyboard */,
				322095D316392D8E000C70D9 /* RootTabBarController.h */,
				322095D416392D8E000C70D9 /* RootTabBarController.m */,
				DAFF758A162D91EC001A9E0F /* DashboardViewController.h */,
				DAFF758B162D91EC001A9E0F /* DashboardViewController.m */,
				DAFF756E162D82F1001A9E0F /* LoginViewController.h */,
				DAFF756F162D82F1001A9E0F /* LoginViewController.m */,
				D971E370163A94C4003B53A3 /* BankViewController.h */,
				D971E371163A94C4003B53A3 /* BankViewController.m */,
				327E8485163ECBC50009ABE2 /* BarIndexViewController.h */,
				327E8486163ECBC50009ABE2 /* BarIndexViewController.m */,
				DA70E43C163FF33900645F6F /* AddBarViewController.h */,
				DA70E43D163FF33900645F6F /* AddBarViewController.m */,
				322095D716393493000C70D9 /* LocationManager.h */,
				322095D816393493000C70D9 /* LocationManager.m */,
				DA1DD691165512E5009BBE0F /* BarViewController.h */,
				DA1DD692165512E5009BBE0F /* BarViewController.m */,
				DA1DD69B16551D87009BBE0F /* BarViewCell.h */,
				DA1DD69C16551D87009BBE0F /* BarViewCell.m */,
				D9178F8016551CEA00505A23 /* AddFeatureViewController.h */,
				D9178F8116551CEA00505A23 /* AddFeatureViewController.m */,
				DA44D038165660A100ECEB2A /* data.plist */,
				DA44CF8816565C6700ECEB2A /* DataModel.h */,
				DA44CF8916565C6700ECEB2A /* DataModel.m */,
				DAFF755A162D82F1001A9E0F /* Supporting Files */,
			);
			path = barmanager;
			sourceTree = "<group>";
		};
		DAFF755A162D82F1001A9E0F /* Supporting Files */ = {
			isa = PBXGroup;
			children = (
				32B422A416668A640056F7F6 /* bar-features.png */,
				32B422A516668A640056F7F6 /* bar-features@2x.png */,
				32B422A616668A640056F7F6 /* bar-index.png */,
				32B422A716668A640056F7F6 /* bar-index@2x.png */,
				32B422A816668A640056F7F6 /* bar-view.png */,
				32B422A916668A640056F7F6 /* bar-view@2x.png */,
				DA1DD69E165536B9009BBE0F /* Icons */,
				325BDB1916552F77009664A3 /* bank_bg.png */,
				325BDB1A16552F77009664A3 /* bank_bg@2x.png */,
				DA44CFFC1656605000ECEB2A /* bar.jpg */,
				DA44CFFD1656605000ECEB2A /* bar@2x.jpg */,
				DA44CFFE1656605000ECEB2A /* Default-568h@2x.png */,
				DA44CFFF1656605000ECEB2A /* Default.png */,
				DA44D0001656605000ECEB2A /* Default@2x.png */,
				DA44D0011656605000ECEB2A /* facebook-connect-button.png */,
				DA44D0021656605000ECEB2A /* facebook-connect-button@2x.png */,
				DA44D0031656605000ECEB2A /* logo.png */,
				DA44D0041656605000ECEB2A /* logo@2x.png */,
				DAFF755B162D82F1001A9E0F /* barmanager-Info.plist */,
				DAFF755C162D82F1001A9E0F /* InfoPlist.strings */,
				DAFF755F162D82F1001A9E0F /* main.m */,
				DAFF7561162D82F1001A9E0F /* barmanager-Prefix.pch */,
			);
			name = "Supporting Files";
			sourceTree = "<group>";
		};
/* End PBXGroup section */

/* Begin PBXNativeTarget section */
		DAFF754E162D82F1001A9E0F /* barmanager */ = {
			isa = PBXNativeTarget;
			buildConfigurationList = DAFF7573162D82F1001A9E0F /* Build configuration list for PBXNativeTarget "barmanager" */;
			buildPhases = (
				DAFF754B162D82F1001A9E0F /* Sources */,
				DAFF754C162D82F1001A9E0F /* Frameworks */,
				DAFF754D162D82F1001A9E0F /* Resources */,
				B0B57D170DFA4DF1A338D34E /* Copy Pods Resources */,
			);
			buildRules = (
			);
			dependencies = (
			);
			name = barmanager;
			productName = barmanager;
			productReference = DAFF754F162D82F1001A9E0F /* barmanager.app */;
			productType = "com.apple.product-type.application";
		};
/* End PBXNativeTarget section */

/* Begin PBXProject section */
		DAFF7546162D82F1001A9E0F /* Project object */ = {
			isa = PBXProject;
			attributes = {
				LastUpgradeCheck = 0450;
				ORGANIZATIONNAME = ITflows;
			};
			buildConfigurationList = DAFF7549162D82F1001A9E0F /* Build configuration list for PBXProject "barmanager" */;
			compatibilityVersion = "Xcode 3.2";
			developmentRegion = English;
			hasScannedForEncodings = 0;
			knownRegions = (
				en,
			);
			mainGroup = DAFF7544162D82F1001A9E0F;
			productRefGroup = DAFF7550162D82F1001A9E0F /* Products */;
			projectDirPath = "";
			projectRoot = "";
			targets = (
				DAFF754E162D82F1001A9E0F /* barmanager */,
			);
		};
/* End PBXProject section */

/* Begin PBXResourcesBuildPhase section */
		DAFF754D162D82F1001A9E0F /* Resources */ = {
			isa = PBXResourcesBuildPhase;
			buildActionMask = 2147483647;
			files = (
				DAFF755E162D82F1001A9E0F /* InfoPlist.strings in Resources */,
				DAFF756D162D82F1001A9E0F /* MainStoryboard.storyboard in Resources */,
				325BDB1B16552F77009664A3 /* bank_bg.png in Resources */,
				325BDB1C16552F77009664A3 /* bank_bg@2x.png in Resources */,
				DA44CFCC16565FF300ECEB2A /* beers.png in Resources */,
				DA44CFCD16565FF300ECEB2A /* beers@2x.png in Resources */,
				DA44CFCE16565FF300ECEB2A /* bier.png in Resources */,
				DA44CFCF16565FF300ECEB2A /* bier@2x.png in Resources */,
				DA44CFD016565FF300ECEB2A /* chicken.png in Resources */,
				DA44CFD116565FF300ECEB2A /* chicken@2x.png in Resources */,
				DA44CFD216565FF300ECEB2A /* cocktail.png in Resources */,
				DA44CFD316565FF300ECEB2A /* cocktail@2x.png in Resources */,
				DA44CFD416565FF300ECEB2A /* coffee.png in Resources */,
				DA44CFD516565FF300ECEB2A /* coffee@2x.png in Resources */,
				DA44CFD616565FF300ECEB2A /* computer.png in Resources */,
				DA44CFD716565FF300ECEB2A /* computer@2x.png in Resources */,
				DA44CFD816565FF300ECEB2A /* doorguy.png in Resources */,
				DA44CFD916565FF300ECEB2A /* doorguy@2x.png in Resources */,
				DA44CFDA16565FF300ECEB2A /* extra_verdieping.png in Resources */,
				DA44CFDB16565FF300ECEB2A /* extra_verdieping@2x.png in Resources */,
				DA44CFDC16565FF300ECEB2A /* frisdrank.png in Resources */,
				DA44CFDD16565FF300ECEB2A /* frisdrank@2x.png in Resources */,
				DA44CFDE16565FF300ECEB2A /* icon-57.png in Resources */,
				DA44CFDF16565FF300ECEB2A /* icon-57@2x.png in Resources */,
				DA44CFE016565FF300ECEB2A /* icon-114.png in Resources */,
				DA44CFE116565FF300ECEB2A /* icon-114@2x.png in Resources */,
				DA44CFE216565FF300ECEB2A /* iconmonstr-details-large-view-icon.png in Resources */,
				DA44CFE316565FF300ECEB2A /* iconmonstr-details-large-view-icon@2x.png in Resources */,
				DA44CFE416565FF300ECEB2A /* iconmonstr-home-icon.png in Resources */,
				DA44CFE516565FF300ECEB2A /* iconmonstr-home-icon@2x.png in Resources */,
				DA44CFE616565FF300ECEB2A /* iconmonstr-line-chart-icon.png in Resources */,
				DA44CFE716565FF300ECEB2A /* iconmonstr-line-chart-icon@2x.png in Resources */,
				DA44CFE816565FF300ECEB2A /* led.png in Resources */,
				DA44CFE916565FF300ECEB2A /* led@2x.png in Resources */,
				DA44CFEA16565FF300ECEB2A /* pizza.png in Resources */,
				DA44CFEB16565FF300ECEB2A /* pizza@2x.png in Resources */,
				DA44CFEC16565FF300ECEB2A /* pooltafel.png in Resources */,
				DA44CFED16565FF300ECEB2A /* pooltafel@2x.png in Resources */,
				DA44CFEE16565FF300ECEB2A /* salade.png in Resources */,
				DA44CFEF16565FF300ECEB2A /* salade@2x.png in Resources */,
				DA44CFF016565FF300ECEB2A /* stripster-2.png in Resources */,
				DA44CFF116565FF300ECEB2A /* stripster-2@2x.png in Resources */,
				DA44CFF216565FF300ECEB2A /* stripster.png in Resources */,
				DA44CFF316565FF300ECEB2A /* stripster@2x.png in Resources */,
				DA44CFF416565FF300ECEB2A /* terras.png in Resources */,
				DA44CFF516565FF300ECEB2A /* terras@2x.png in Resources */,
				DA44CFF616565FF300ECEB2A /* toevoegen.png in Resources */,
				DA44CFF716565FF300ECEB2A /* toevoegen@2x.png in Resources */,
				DA44CFF816565FF300ECEB2A /* uitsmijter-2.png in Resources */,
				DA44CFF916565FF300ECEB2A /* uitsmijter-2@2x.png in Resources */,
				DA44CFFA16565FF300ECEB2A /* wifi.png in Resources */,
				DA44CFFB16565FF300ECEB2A /* wifi@2x.png in Resources */,
				DA44D0051656605000ECEB2A /* bar.jpg in Resources */,
				DA44D0061656605000ECEB2A /* bar@2x.jpg in Resources */,
				DA44D0071656605000ECEB2A /* Default-568h@2x.png in Resources */,
				DA44D0081656605000ECEB2A /* Default.png in Resources */,
				DA44D0091656605000ECEB2A /* Default@2x.png in Resources */,
				DA44D00A1656605000ECEB2A /* facebook-connect-button.png in Resources */,
				DA44D00B1656605000ECEB2A /* facebook-connect-button@2x.png in Resources */,
				DA44D00C1656605000ECEB2A /* logo.png in Resources */,
				DA44D00D1656605000ECEB2A /* logo@2x.png in Resources */,
				DA44D039165660A100ECEB2A /* data.plist in Resources */,
				32B422AA16668A640056F7F6 /* bar-features.png in Resources */,
				32B422AB16668A640056F7F6 /* bar-features@2x.png in Resources */,
				32B422AC16668A640056F7F6 /* bar-index.png in Resources */,
				32B422AD16668A640056F7F6 /* bar-index@2x.png in Resources */,
				32B422AE16668A640056F7F6 /* bar-view.png in Resources */,
				32B422AF16668A640056F7F6 /* bar-view@2x.png in Resources */,
			);
			runOnlyForDeploymentPostprocessing = 0;
		};
/* End PBXResourcesBuildPhase section */

/* Begin PBXShellScriptBuildPhase section */
		B0B57D170DFA4DF1A338D34E /* Copy Pods Resources */ = {
			isa = PBXShellScriptBuildPhase;
			buildActionMask = 2147483647;
			files = (
			);
			inputPaths = (
			);
			name = "Copy Pods Resources";
			outputPaths = (
			);
			runOnlyForDeploymentPostprocessing = 0;
			shellPath = /bin/sh;
			shellScript = "\"${SRCROOT}/Pods/Pods-resources.sh\"\n";
		};
/* End PBXShellScriptBuildPhase section */

/* Begin PBXSourcesBuildPhase section */
		DAFF754B162D82F1001A9E0F /* Sources */ = {
			isa = PBXSourcesBuildPhase;
			buildActionMask = 2147483647;
			files = (
				DAFF7560162D82F1001A9E0F /* main.m in Sources */,
				DAFF7564162D82F1001A9E0F /* AppDelegate.m in Sources */,
				DAFF7570162D82F1001A9E0F /* LoginViewController.m in Sources */,
				DAFF758C162D91EC001A9E0F /* DashboardViewController.m in Sources */,
				322095D516392D8E000C70D9 /* RootTabBarController.m in Sources */,
				322095D916393493000C70D9 /* LocationManager.m in Sources */,
				D971E372163A94C4003B53A3 /* BankViewController.m in Sources */,
				327E8487163ECBC50009ABE2 /* BarIndexViewController.m in Sources */,
				DA70E43E163FF33900645F6F /* AddBarViewController.m in Sources */,
				DA1DD693165512E5009BBE0F /* BarViewController.m in Sources */,
				DA1DD69D16551D87009BBE0F /* BarViewCell.m in Sources */,
				D9178F8216551CEA00505A23 /* AddFeatureViewController.m in Sources */,
				DA44CF9016565C6700ECEB2A /* DataModel.m in Sources */,
				DA44D02A1656608F00ECEB2A /* BankTransaction.m in Sources */,
				DA44D02B1656608F00ECEB2A /* Bar.m in Sources */,
				DA44D02C1656608F00ECEB2A /* BaseBankTransaction.m in Sources */,
				DA44D02D1656608F00ECEB2A /* BaseBar.m in Sources */,
				DA44D02E1656608F00ECEB2A /* BaseCity.m in Sources */,
				DA44D02F1656608F00ECEB2A /* BaseEnlargement.m in Sources */,
				DA44D0301656608F00ECEB2A /* BaseExpansion.m in Sources */,
				DA44D0311656608F00ECEB2A /* BaseFeature.m in Sources */,
				DA44D0321656608F00ECEB2A /* BaseUser.m in Sources */,
				DA44D0331656608F00ECEB2A /* City.m in Sources */,
				DA44D0341656608F00ECEB2A /* Enlargement.m in Sources */,
				DA44D0351656608F00ECEB2A /* Expansion.m in Sources */,
				DA44D0361656608F00ECEB2A /* Feature.m in Sources */,
				DA44D0371656608F00ECEB2A /* User.m in Sources */,
			);
			runOnlyForDeploymentPostprocessing = 0;
		};
/* End PBXSourcesBuildPhase section */

/* Begin PBXVariantGroup section */
		DAFF755C162D82F1001A9E0F /* InfoPlist.strings */ = {
			isa = PBXVariantGroup;
			children = (
				DAFF755D162D82F1001A9E0F /* en */,
			);
			name = InfoPlist.strings;
			sourceTree = "<group>";
		};
		DAFF756B162D82F1001A9E0F /* MainStoryboard.storyboard */ = {
			isa = PBXVariantGroup;
			children = (
				DAFF756C162D82F1001A9E0F /* en */,
			);
			name = MainStoryboard.storyboard;
			sourceTree = "<group>";
		};
/* End PBXVariantGroup section */

/* Begin XCBuildConfiguration section */
		DAFF7571162D82F1001A9E0F /* Debug */ = {
			isa = XCBuildConfiguration;
			buildSettings = {
				ALWAYS_SEARCH_USER_PATHS = NO;
				CLANG_CXX_LANGUAGE_STANDARD = "gnu++0x";
				CLANG_CXX_LIBRARY = "libc++";
				CLANG_ENABLE_OBJC_ARC = YES;
				CLANG_WARN_EMPTY_BODY = YES;
				CLANG_WARN__DUPLICATE_METHOD_MATCH = YES;
				"CODE_SIGN_IDENTITY[sdk=iphoneos*]" = "iPhone Developer";
				COPY_PHASE_STRIP = NO;
				GCC_C_LANGUAGE_STANDARD = gnu99;
				GCC_DYNAMIC_NO_PIC = NO;
				GCC_OPTIMIZATION_LEVEL = 0;
				GCC_PREPROCESSOR_DEFINITIONS = (
					"DEBUG=1",
					"$(inherited)",
					"API_URL=\\@\\\"http://barmanager.dev\\\"",
				);
				GCC_SYMBOLS_PRIVATE_EXTERN = NO;
				GCC_WARN_ABOUT_RETURN_TYPE = YES;
				GCC_WARN_UNINITIALIZED_AUTOS = YES;
				GCC_WARN_UNUSED_VARIABLE = YES;
				IPHONEOS_DEPLOYMENT_TARGET = 6.0;
				SDKROOT = iphoneos;
			};
			name = Debug;
		};
		DAFF7572162D82F1001A9E0F /* Release */ = {
			isa = XCBuildConfiguration;
			buildSettings = {
				ALWAYS_SEARCH_USER_PATHS = NO;
				CLANG_CXX_LANGUAGE_STANDARD = "gnu++0x";
				CLANG_CXX_LIBRARY = "libc++";
				CLANG_ENABLE_OBJC_ARC = YES;
				CLANG_WARN_EMPTY_BODY = YES;
				CLANG_WARN__DUPLICATE_METHOD_MATCH = YES;
				"CODE_SIGN_IDENTITY[sdk=iphoneos*]" = "iPhone Developer";
				COPY_PHASE_STRIP = YES;
				GCC_C_LANGUAGE_STANDARD = gnu99;
				GCC_PREPROCESSOR_DEFINITIONS = "API_URL=\\@\\\"http://barmanager.herokuapp.com\\\"";
				GCC_WARN_ABOUT_RETURN_TYPE = YES;
				GCC_WARN_UNINITIALIZED_AUTOS = YES;
				GCC_WARN_UNUSED_VARIABLE = YES;
				IPHONEOS_DEPLOYMENT_TARGET = 6.0;
				OTHER_CFLAGS = "-DNS_BLOCK_ASSERTIONS=1";
				SDKROOT = iphoneos;
				VALIDATE_PRODUCT = YES;
			};
			name = Release;
		};
		DAFF7574162D82F1001A9E0F /* Debug */ = {
			isa = XCBuildConfiguration;
			baseConfigurationReference = 23EE8D7293D74C4B899AE1E8 /* Pods.xcconfig */;
			buildSettings = {
				FRAMEWORK_SEARCH_PATHS = (
					"$(inherited)",
					"\"$(SRCROOT)\"",
				);
				GCC_PRECOMPILE_PREFIX_HEADER = YES;
				GCC_PREFIX_HEADER = "barmanager/barmanager-Prefix.pch";
				HEADER_SEARCH_PATHS = "${PODS_HEADERS_SEARCH_PATHS}";
				INFOPLIST_FILE = "barmanager/barmanager-Info.plist";
				OTHER_LDFLAGS = (
					"-ObjC",
					"-lsqlite3.0",
					"-all_load",
				);
				PRODUCT_NAME = "$(TARGET_NAME)";
				WRAPPER_EXTENSION = app;
			};
			name = Debug;
		};
		DAFF7575162D82F1001A9E0F /* Release */ = {
			isa = XCBuildConfiguration;
			baseConfigurationReference = 23EE8D7293D74C4B899AE1E8 /* Pods.xcconfig */;
			buildSettings = {
				FRAMEWORK_SEARCH_PATHS = (
					"$(inherited)",
					"\"$(SRCROOT)\"",
				);
				GCC_PRECOMPILE_PREFIX_HEADER = YES;
				GCC_PREFIX_HEADER = "barmanager/barmanager-Prefix.pch";
				HEADER_SEARCH_PATHS = "${PODS_HEADERS_SEARCH_PATHS}";
				INFOPLIST_FILE = "barmanager/barmanager-Info.plist";
				OTHER_LDFLAGS = (
					"-ObjC",
					"-lsqlite3.0",
					"-all_load",
				);
				PRODUCT_NAME = "$(TARGET_NAME)";
				WRAPPER_EXTENSION = app;
			};
			name = Release;
		};
/* End XCBuildConfiguration section */

/* Begin XCConfigurationList section */
		DAFF7549162D82F1001A9E0F /* Build configuration list for PBXProject "barmanager" */ = {
			isa = XCConfigurationList;
			buildConfigurations = (
				DAFF7571162D82F1001A9E0F /* Debug */,
				DAFF7572162D82F1001A9E0F /* Release */,
			);
			defaultConfigurationIsVisible = 0;
			defaultConfigurationName = Release;
		};
		DAFF7573162D82F1001A9E0F /* Build configuration list for PBXNativeTarget "barmanager" */ = {
			isa = XCConfigurationList;
			buildConfigurations = (
				DAFF7574162D82F1001A9E0F /* Debug */,
				DAFF7575162D82F1001A9E0F /* Release */,
			);
			defaultConfigurationIsVisible = 0;
			defaultConfigurationName = Release;
		};
/* End XCConfigurationList section */
	};
	rootObject = DAFF7546162D82F1001A9E0F /* Project object */;
}
